// !$*UTF8*$!
{
	archiveVersion = 1;
	classes = {
	};
	objectVersion = 46;
	objects = {

/* Begin PBXBuildFile section */
		E93E3BBC19878F2100056E0A /* GTLObject.m in Sources */ = {isa = PBXBuildFile; fileRef = E93E3BAB19878F2100056E0A /* GTLObject.m */; settings = {COMPILER_FLAGS = "-fno-objc-arc"; }; };
		E93E3BBD19878F2100056E0A /* GTLQuery.m in Sources */ = {isa = PBXBuildFile; fileRef = E93E3BAD19878F2100056E0A /* GTLQuery.m */; settings = {COMPILER_FLAGS = "-fno-objc-arc"; }; };
		E93E3BBE19878F2100056E0A /* GTLBatchQuery.m in Sources */ = {isa = PBXBuildFile; fileRef = E93E3BAF19878F2100056E0A /* GTLBatchQuery.m */; settings = {COMPILER_FLAGS = "-fno-objc-arc"; }; };
		E93E3BBF19878F2100056E0A /* GTLService.m in Sources */ = {isa = PBXBuildFile; fileRef = E93E3BB119878F2100056E0A /* GTLService.m */; settings = {COMPILER_FLAGS = "-fno-objc-arc"; }; };
		E93E3BC019878F2100056E0A /* GTLBatchResult.m in Sources */ = {isa = PBXBuildFile; fileRef = E93E3BB319878F2100056E0A /* GTLBatchResult.m */; settings = {COMPILER_FLAGS = "-fno-objc-arc"; }; };
		E93E3BC119878F2100056E0A /* GTLUploadParameters.m in Sources */ = {isa = PBXBuildFile; fileRef = E93E3BB519878F2100056E0A /* GTLUploadParameters.m */; settings = {COMPILER_FLAGS = "-fno-objc-arc"; }; };
		E93E3BC219878F2100056E0A /* GTLDateTime.m in Sources */ = {isa = PBXBuildFile; fileRef = E93E3BB719878F2100056E0A /* GTLDateTime.m */; settings = {COMPILER_FLAGS = "-fno-objc-arc"; }; };
		E93E3BC319878F2100056E0A /* GTLErrorObject.m in Sources */ = {isa = PBXBuildFile; fileRef = E93E3BB919878F2100056E0A /* GTLErrorObject.m */; };
		E93E3BC419878F2100056E0A /* GTLRuntimeCommon.m in Sources */ = {isa = PBXBuildFile; fileRef = E93E3BBB19878F2100056E0A /* GTLRuntimeCommon.m */; settings = {COMPILER_FLAGS = "-fno-objc-arc"; }; };
		E93E3BCA19878F3C00056E0A /* GTMOAuth2Authentication.m in Sources */ = {isa = PBXBuildFile; fileRef = E93E3BC719878F3C00056E0A /* GTMOAuth2Authentication.m */; settings = {COMPILER_FLAGS = "-fno-objc-arc"; }; };
		E93E3BCB19878F3C00056E0A /* GTMOAuth2SignIn.m in Sources */ = {isa = PBXBuildFile; fileRef = E93E3BC919878F3C00056E0A /* GTMOAuth2SignIn.m */; settings = {COMPILER_FLAGS = "-fno-objc-arc"; }; };
		E93E3BD019878F5B00056E0A /* GTMOAuth2ViewControllerTouch.m in Sources */ = {isa = PBXBuildFile; fileRef = E93E3BCE19878F5B00056E0A /* GTMOAuth2ViewControllerTouch.m */; settings = {COMPILER_FLAGS = "-fno-objc-arc"; }; };
		E93E3BD119878F5B00056E0A /* GTMOAuth2ViewTouch.xib in Resources */ = {isa = PBXBuildFile; fileRef = E93E3BCF19878F5B00056E0A /* GTMOAuth2ViewTouch.xib */; };
		E93E3BE319878F7B00056E0A /* GTMHTTPFetcherService.m in Sources */ = {isa = PBXBuildFile; fileRef = E93E3BD419878F7B00056E0A /* GTMHTTPFetcherService.m */; settings = {COMPILER_FLAGS = "-fno-objc-arc"; }; };
		E93E3BE419878F7B00056E0A /* GTMHTTPFetcher.m in Sources */ = {isa = PBXBuildFile; fileRef = E93E3BD619878F7B00056E0A /* GTMHTTPFetcher.m */; settings = {COMPILER_FLAGS = "-fno-objc-arc"; }; };
		E93E3BE519878F7B00056E0A /* GTMHTTPFetcherLogging.m in Sources */ = {isa = PBXBuildFile; fileRef = E93E3BD819878F7B00056E0A /* GTMHTTPFetcherLogging.m */; settings = {COMPILER_FLAGS = "-fno-objc-arc"; }; };
		E93E3BE619878F7B00056E0A /* GTMHTTPFetchHistory.m in Sources */ = {isa = PBXBuildFile; fileRef = E93E3BDA19878F7B00056E0A /* GTMHTTPFetchHistory.m */; settings = {COMPILER_FLAGS = "-fno-objc-arc"; }; };
		E93E3BE719878F7B00056E0A /* GTMHTTPUploadFetcher.m in Sources */ = {isa = PBXBuildFile; fileRef = E93E3BDC19878F7B00056E0A /* GTMHTTPUploadFetcher.m */; settings = {COMPILER_FLAGS = "-fno-objc-arc"; }; };
		E93E3BE819878F7B00056E0A /* GTMGatherInputStream.m in Sources */ = {isa = PBXBuildFile; fileRef = E93E3BDE19878F7B00056E0A /* GTMGatherInputStream.m */; settings = {COMPILER_FLAGS = "-fno-objc-arc"; }; };
		E93E3BE919878F7B00056E0A /* GTMMIMEDocument.m in Sources */ = {isa = PBXBuildFile; fileRef = E93E3BE019878F7B00056E0A /* GTMMIMEDocument.m */; settings = {COMPILER_FLAGS = "-fno-objc-arc"; }; };
		E93E3BEA19878F7B00056E0A /* GTMReadMonitorInputStream.m in Sources */ = {isa = PBXBuildFile; fileRef = E93E3BE219878F7B00056E0A /* GTMReadMonitorInputStream.m */; settings = {COMPILER_FLAGS = "-fno-objc-arc"; }; };
		E93E3BF619878FA400056E0A /* GTLFramework.m in Sources */ = {isa = PBXBuildFile; fileRef = E93E3BEE19878FA400056E0A /* GTLFramework.m */; };
		E93E3BF719878FA400056E0A /* GTLJSONParser.m in Sources */ = {isa = PBXBuildFile; fileRef = E93E3BF019878FA400056E0A /* GTLJSONParser.m */; settings = {COMPILER_FLAGS = "-fno-objc-arc"; }; };
		E93E3BF819878FA400056E0A /* GTLUtilities.m in Sources */ = {isa = PBXBuildFile; fileRef = E93E3BF319878FA400056E0A /* GTLUtilities.m */; settings = {COMPILER_FLAGS = "-fno-objc-arc"; }; };
		E93E3BF919878FA400056E0A /* GTLBase64.m in Sources */ = {isa = PBXBuildFile; fileRef = E93E3BF519878FA400056E0A /* GTLBase64.m */; settings = {COMPILER_FLAGS = "-fno-objc-arc"; }; };
		E93E3C13198790DF00056E0A /* GTLPostApiCommonUserAccount.m in Sources */ = {isa = PBXBuildFile; fileRef = E93E3C01198790DF00056E0A /* GTLPostApiCommonUserAccount.m */; };
		E93E3C14198790DF00056E0A /* GTLPostApiCommonUserAuthentication.m in Sources */ = {isa = PBXBuildFile; fileRef = E93E3C03198790DF00056E0A /* GTLPostApiCommonUserAuthentication.m */; };
		E93E3C15198790DF00056E0A /* GTLPostApiCommonUserPost.m in Sources */ = {isa = PBXBuildFile; fileRef = E93E3C05198790DF00056E0A /* GTLPostApiCommonUserPost.m */; };
		E93E3C16198790DF00056E0A /* GTLPostApiPostsUserPostCreateRequest.m in Sources */ = {isa = PBXBuildFile; fileRef = E93E3C07198790DF00056E0A /* GTLPostApiPostsUserPostCreateRequest.m */; };
		E93E3C17198790DF00056E0A /* GTLPostApiPostsUserPostCreateResponse.m in Sources */ = {isa = PBXBuildFile; fileRef = E93E3C09198790DF00056E0A /* GTLPostApiPostsUserPostCreateResponse.m */; };
		E93E3C18198790DF00056E0A /* GTLPostApiPostsUserPostListResponse.m in Sources */ = {isa = PBXBuildFile; fileRef = E93E3C0B198790DF00056E0A /* GTLPostApiPostsUserPostListResponse.m */; };
		E93E3C19198790DF00056E0A /* GTLPostConstants.m in Sources */ = {isa = PBXBuildFile; fileRef = E93E3C0D198790DF00056E0A /* GTLPostConstants.m */; };
		E93E3C1A198790DF00056E0A /* GTLQueryPost.m in Sources */ = {isa = PBXBuildFile; fileRef = E93E3C0F198790DF00056E0A /* GTLQueryPost.m */; };
		E93E3C1B198790DF00056E0A /* GTLServicePost.m in Sources */ = {isa = PBXBuildFile; fileRef = E93E3C11198790DF00056E0A /* GTLServicePost.m */; };
		E93E3C30198790EC00056E0A /* GTLQueryReaction.m in Sources */ = {isa = PBXBuildFile; fileRef = E93E3C1D198790EC00056E0A /* GTLQueryReaction.m */; };
		E93E3C32198790EC00056E0A /* GTLReactionApiCommentsCommentCreateRequest.m in Sources */ = {isa = PBXBuildFile; fileRef = E93E3C21198790EC00056E0A /* GTLReactionApiCommentsCommentCreateRequest.m */; };
		E93E3C33198790EC00056E0A /* GTLReactionApiCommentsCommentCreateResponse.m in Sources */ = {isa = PBXBuildFile; fileRef = E93E3C23198790EC00056E0A /* GTLReactionApiCommentsCommentCreateResponse.m */; };
		E93E3C34198790EC00056E0A /* GTLReactionApiCommentsCommentListResponse.m in Sources */ = {isa = PBXBuildFile; fileRef = E93E3C25198790EC00056E0A /* GTLReactionApiCommentsCommentListResponse.m */; };
		E93E3C35198790EC00056E0A /* GTLReactionApiCommentsVoteRequest.m in Sources */ = {isa = PBXBuildFile; fileRef = E93E3C27198790EC00056E0A /* GTLReactionApiCommentsVoteRequest.m */; };
		E93E3C36198790EC00056E0A /* GTLReactionApiCommentsVoteResponse.m in Sources */ = {isa = PBXBuildFile; fileRef = E93E3C29198790EC00056E0A /* GTLReactionApiCommentsVoteResponse.m */; };
		E93E3C37198790EC00056E0A /* GTLReactionApiCommonUserAuthentication.m in Sources */ = {isa = PBXBuildFile; fileRef = E93E3C2B198790EC00056E0A /* GTLReactionApiCommonUserAuthentication.m */; };
		E93E3C38198790EC00056E0A /* GTLReactionConstants.m in Sources */ = {isa = PBXBuildFile; fileRef = E93E3C2D198790EC00056E0A /* GTLReactionConstants.m */; };
		E93E3C39198790EC00056E0A /* GTLServiceReaction.m in Sources */ = {isa = PBXBuildFile; fileRef = E93E3C2F198790EC00056E0A /* GTLServiceReaction.m */; };
		E93E3C4A198790F800056E0A /* GTLQueryUser.m in Sources */ = {isa = PBXBuildFile; fileRef = E93E3C3B198790F800056E0A /* GTLQueryUser.m */; };
		E93E3C4B198790F800056E0A /* GTLServiceUser.m in Sources */ = {isa = PBXBuildFile; fileRef = E93E3C3D198790F800056E0A /* GTLServiceUser.m */; };
		E93E3C4D198790F800056E0A /* GTLUserApiUserUserLoginRequest.m in Sources */ = {isa = PBXBuildFile; fileRef = E93E3C41198790F800056E0A /* GTLUserApiUserUserLoginRequest.m */; };
		E93E3C4E198790F800056E0A /* GTLUserApiUserUserLoginResponse.m in Sources */ = {isa = PBXBuildFile; fileRef = E93E3C43198790F800056E0A /* GTLUserApiUserUserLoginResponse.m */; };
		E93E3C4F198790F800056E0A /* GTLUserApiUserUserRegistrationRequest.m in Sources */ = {isa = PBXBuildFile; fileRef = E93E3C45198790F800056E0A /* GTLUserApiUserUserRegistrationRequest.m */; };
		E93E3C50198790F800056E0A /* GTLUserApiUserUserRegistrationResponse.m in Sources */ = {isa = PBXBuildFile; fileRef = E93E3C47198790F800056E0A /* GTLUserApiUserUserRegistrationResponse.m */; };
		E93E3C51198790F800056E0A /* GTLUserConstants.m in Sources */ = {isa = PBXBuildFile; fileRef = E93E3C49198790F800056E0A /* GTLUserConstants.m */; };
		E94621881987F08A002DFB71 /* DummyViewController.m in Sources */ = {isa = PBXBuildFile; fileRef = E94621871987F08A002DFB71 /* DummyViewController.m */; };
		E95D3B401989050000ACA8D0 /* UserTabTableViewController.m in Sources */ = {isa = PBXBuildFile; fileRef = E95D3B3F1989050000ACA8D0 /* UserTabTableViewController.m */; };
		E99EBD2819824B50000AE890 /* Foundation.framework in Frameworks */ = {isa = PBXBuildFile; fileRef = E99EBD2719824B50000AE890 /* Foundation.framework */; };
		E99EBD2A19824B50000AE890 /* CoreGraphics.framework in Frameworks */ = {isa = PBXBuildFile; fileRef = E99EBD2919824B50000AE890 /* CoreGraphics.framework */; };
		E99EBD2C19824B50000AE890 /* UIKit.framework in Frameworks */ = {isa = PBXBuildFile; fileRef = E99EBD2B19824B50000AE890 /* UIKit.framework */; };
		E99EBD3219824B50000AE890 /* InfoPlist.strings in Resources */ = {isa = PBXBuildFile; fileRef = E99EBD3019824B50000AE890 /* InfoPlist.strings */; };
		E99EBD3419824B50000AE890 /* main.m in Sources */ = {isa = PBXBuildFile; fileRef = E99EBD3319824B50000AE890 /* main.m */; };
		E99EBD3819824B50000AE890 /* AppDelegate.m in Sources */ = {isa = PBXBuildFile; fileRef = E99EBD3719824B50000AE890 /* AppDelegate.m */; };
		E99EBD3B19824B50000AE890 /* Main_iPhone.storyboard in Resources */ = {isa = PBXBuildFile; fileRef = E99EBD3919824B50000AE890 /* Main_iPhone.storyboard */; };
		E99EBD3E19824B50000AE890 /* Main_iPad.storyboard in Resources */ = {isa = PBXBuildFile; fileRef = E99EBD3C19824B50000AE890 /* Main_iPad.storyboard */; };
		E99EBD4619824B50000AE890 /* Images.xcassets in Resources */ = {isa = PBXBuildFile; fileRef = E99EBD4519824B50000AE890 /* Images.xcassets */; };
		E99EBD4D19824B50000AE890 /* XCTest.framework in Frameworks */ = {isa = PBXBuildFile; fileRef = E99EBD4C19824B50000AE890 /* XCTest.framework */; };
		E99EBD4E19824B50000AE890 /* Foundation.framework in Frameworks */ = {isa = PBXBuildFile; fileRef = E99EBD2719824B50000AE890 /* Foundation.framework */; };
		E99EBD4F19824B50000AE890 /* UIKit.framework in Frameworks */ = {isa = PBXBuildFile; fileRef = E99EBD2B19824B50000AE890 /* UIKit.framework */; };
		E99EBD5719824B50000AE890 /* InfoPlist.strings in Resources */ = {isa = PBXBuildFile; fileRef = E99EBD5519824B50000AE890 /* InfoPlist.strings */; };
		E99EBD5919824B50000AE890 /* RipOff9GagTests.m in Sources */ = {isa = PBXBuildFile; fileRef = E99EBD5819824B50000AE890 /* RipOff9GagTests.m */; };
		E9CA9A3F19894964003F1D7D /* UserRegistrationTableViewController.m in Sources */ = {isa = PBXBuildFile; fileRef = E9CA9A3E19894964003F1D7D /* UserRegistrationTableViewController.m */; };
		E9D3861E19829150005A764B /* PostsTableViewController.m in Sources */ = {isa = PBXBuildFile; fileRef = E9D3861D19829150005A764B /* PostsTableViewController.m */; };
/* End PBXBuildFile section */

/* Begin PBXContainerItemProxy section */
		E99EBD5019824B50000AE890 /* PBXContainerItemProxy */ = {
			isa = PBXContainerItemProxy;
			containerPortal = E99EBD1C19824B50000AE890 /* Project object */;
			proxyType = 1;
			remoteGlobalIDString = E99EBD2319824B50000AE890;
			remoteInfo = RipOff9Gag;
		};
/* End PBXContainerItemProxy section */

/* Begin PBXFileReference section */
		E93E3BAA19878F2100056E0A /* GTLObject.h */ = {isa = PBXFileReference; fileEncoding = 4; lastKnownFileType = sourcecode.c.h; path = GTLObject.h; sourceTree = "<group>"; };
		E93E3BAB19878F2100056E0A /* GTLObject.m */ = {isa = PBXFileReference; fileEncoding = 4; lastKnownFileType = sourcecode.c.objc; path = GTLObject.m; sourceTree = "<group>"; };
		E93E3BAC19878F2100056E0A /* GTLQuery.h */ = {isa = PBXFileReference; fileEncoding = 4; lastKnownFileType = sourcecode.c.h; path = GTLQuery.h; sourceTree = "<group>"; };
		E93E3BAD19878F2100056E0A /* GTLQuery.m */ = {isa = PBXFileReference; fileEncoding = 4; lastKnownFileType = sourcecode.c.objc; path = GTLQuery.m; sourceTree = "<group>"; };
		E93E3BAE19878F2100056E0A /* GTLBatchQuery.h */ = {isa = PBXFileReference; fileEncoding = 4; lastKnownFileType = sourcecode.c.h; path = GTLBatchQuery.h; sourceTree = "<group>"; };
		E93E3BAF19878F2100056E0A /* GTLBatchQuery.m */ = {isa = PBXFileReference; fileEncoding = 4; lastKnownFileType = sourcecode.c.objc; path = GTLBatchQuery.m; sourceTree = "<group>"; };
		E93E3BB019878F2100056E0A /* GTLService.h */ = {isa = PBXFileReference; fileEncoding = 4; lastKnownFileType = sourcecode.c.h; path = GTLService.h; sourceTree = "<group>"; };
		E93E3BB119878F2100056E0A /* GTLService.m */ = {isa = PBXFileReference; fileEncoding = 4; lastKnownFileType = sourcecode.c.objc; path = GTLService.m; sourceTree = "<group>"; };
		E93E3BB219878F2100056E0A /* GTLBatchResult.h */ = {isa = PBXFileReference; fileEncoding = 4; lastKnownFileType = sourcecode.c.h; path = GTLBatchResult.h; sourceTree = "<group>"; };
		E93E3BB319878F2100056E0A /* GTLBatchResult.m */ = {isa = PBXFileReference; fileEncoding = 4; lastKnownFileType = sourcecode.c.objc; path = GTLBatchResult.m; sourceTree = "<group>"; };
		E93E3BB419878F2100056E0A /* GTLUploadParameters.h */ = {isa = PBXFileReference; fileEncoding = 4; lastKnownFileType = sourcecode.c.h; path = GTLUploadParameters.h; sourceTree = "<group>"; };
		E93E3BB519878F2100056E0A /* GTLUploadParameters.m */ = {isa = PBXFileReference; fileEncoding = 4; lastKnownFileType = sourcecode.c.objc; path = GTLUploadParameters.m; sourceTree = "<group>"; };
		E93E3BB619878F2100056E0A /* GTLDateTime.h */ = {isa = PBXFileReference; fileEncoding = 4; lastKnownFileType = sourcecode.c.h; path = GTLDateTime.h; sourceTree = "<group>"; };
		E93E3BB719878F2100056E0A /* GTLDateTime.m */ = {isa = PBXFileReference; fileEncoding = 4; lastKnownFileType = sourcecode.c.objc; path = GTLDateTime.m; sourceTree = "<group>"; };
		E93E3BB819878F2100056E0A /* GTLErrorObject.h */ = {isa = PBXFileReference; fileEncoding = 4; lastKnownFileType = sourcecode.c.h; path = GTLErrorObject.h; sourceTree = "<group>"; };
		E93E3BB919878F2100056E0A /* GTLErrorObject.m */ = {isa = PBXFileReference; fileEncoding = 4; lastKnownFileType = sourcecode.c.objc; path = GTLErrorObject.m; sourceTree = "<group>"; };
		E93E3BBA19878F2100056E0A /* GTLRuntimeCommon.h */ = {isa = PBXFileReference; fileEncoding = 4; lastKnownFileType = sourcecode.c.h; path = GTLRuntimeCommon.h; sourceTree = "<group>"; };
		E93E3BBB19878F2100056E0A /* GTLRuntimeCommon.m */ = {isa = PBXFileReference; fileEncoding = 4; lastKnownFileType = sourcecode.c.objc; path = GTLRuntimeCommon.m; sourceTree = "<group>"; };
		E93E3BC619878F3C00056E0A /* GTMOAuth2Authentication.h */ = {isa = PBXFileReference; fileEncoding = 4; lastKnownFileType = sourcecode.c.h; path = GTMOAuth2Authentication.h; sourceTree = "<group>"; };
		E93E3BC719878F3C00056E0A /* GTMOAuth2Authentication.m */ = {isa = PBXFileReference; fileEncoding = 4; lastKnownFileType = sourcecode.c.objc; path = GTMOAuth2Authentication.m; sourceTree = "<group>"; };
		E93E3BC819878F3C00056E0A /* GTMOAuth2SignIn.h */ = {isa = PBXFileReference; fileEncoding = 4; lastKnownFileType = sourcecode.c.h; path = GTMOAuth2SignIn.h; sourceTree = "<group>"; };
		E93E3BC919878F3C00056E0A /* GTMOAuth2SignIn.m */ = {isa = PBXFileReference; fileEncoding = 4; lastKnownFileType = sourcecode.c.objc; path = GTMOAuth2SignIn.m; sourceTree = "<group>"; };
		E93E3BCD19878F5B00056E0A /* GTMOAuth2ViewControllerTouch.h */ = {isa = PBXFileReference; fileEncoding = 4; lastKnownFileType = sourcecode.c.h; path = GTMOAuth2ViewControllerTouch.h; sourceTree = "<group>"; };
		E93E3BCE19878F5B00056E0A /* GTMOAuth2ViewControllerTouch.m */ = {isa = PBXFileReference; fileEncoding = 4; lastKnownFileType = sourcecode.c.objc; path = GTMOAuth2ViewControllerTouch.m; sourceTree = "<group>"; };
		E93E3BCF19878F5B00056E0A /* GTMOAuth2ViewTouch.xib */ = {isa = PBXFileReference; fileEncoding = 4; lastKnownFileType = file.xib; path = GTMOAuth2ViewTouch.xib; sourceTree = "<group>"; };
		E93E3BD319878F7B00056E0A /* GTMHTTPFetcherService.h */ = {isa = PBXFileReference; fileEncoding = 4; lastKnownFileType = sourcecode.c.h; path = GTMHTTPFetcherService.h; sourceTree = "<group>"; };
		E93E3BD419878F7B00056E0A /* GTMHTTPFetcherService.m */ = {isa = PBXFileReference; fileEncoding = 4; lastKnownFileType = sourcecode.c.objc; path = GTMHTTPFetcherService.m; sourceTree = "<group>"; };
		E93E3BD519878F7B00056E0A /* GTMHTTPFetcher.h */ = {isa = PBXFileReference; fileEncoding = 4; lastKnownFileType = sourcecode.c.h; path = GTMHTTPFetcher.h; sourceTree = "<group>"; };
		E93E3BD619878F7B00056E0A /* GTMHTTPFetcher.m */ = {isa = PBXFileReference; fileEncoding = 4; lastKnownFileType = sourcecode.c.objc; path = GTMHTTPFetcher.m; sourceTree = "<group>"; };
		E93E3BD719878F7B00056E0A /* GTMHTTPFetcherLogging.h */ = {isa = PBXFileReference; fileEncoding = 4; lastKnownFileType = sourcecode.c.h; path = GTMHTTPFetcherLogging.h; sourceTree = "<group>"; };
		E93E3BD819878F7B00056E0A /* GTMHTTPFetcherLogging.m */ = {isa = PBXFileReference; fileEncoding = 4; lastKnownFileType = sourcecode.c.objc; path = GTMHTTPFetcherLogging.m; sourceTree = "<group>"; };
		E93E3BD919878F7B00056E0A /* GTMHTTPFetchHistory.h */ = {isa = PBXFileReference; fileEncoding = 4; lastKnownFileType = sourcecode.c.h; path = GTMHTTPFetchHistory.h; sourceTree = "<group>"; };
		E93E3BDA19878F7B00056E0A /* GTMHTTPFetchHistory.m */ = {isa = PBXFileReference; fileEncoding = 4; lastKnownFileType = sourcecode.c.objc; path = GTMHTTPFetchHistory.m; sourceTree = "<group>"; };
		E93E3BDB19878F7B00056E0A /* GTMHTTPUploadFetcher.h */ = {isa = PBXFileReference; fileEncoding = 4; lastKnownFileType = sourcecode.c.h; path = GTMHTTPUploadFetcher.h; sourceTree = "<group>"; };
		E93E3BDC19878F7B00056E0A /* GTMHTTPUploadFetcher.m */ = {isa = PBXFileReference; fileEncoding = 4; lastKnownFileType = sourcecode.c.objc; path = GTMHTTPUploadFetcher.m; sourceTree = "<group>"; };
		E93E3BDD19878F7B00056E0A /* GTMGatherInputStream.h */ = {isa = PBXFileReference; fileEncoding = 4; lastKnownFileType = sourcecode.c.h; path = GTMGatherInputStream.h; sourceTree = "<group>"; };
		E93E3BDE19878F7B00056E0A /* GTMGatherInputStream.m */ = {isa = PBXFileReference; fileEncoding = 4; lastKnownFileType = sourcecode.c.objc; path = GTMGatherInputStream.m; sourceTree = "<group>"; };
		E93E3BDF19878F7B00056E0A /* GTMMIMEDocument.h */ = {isa = PBXFileReference; fileEncoding = 4; lastKnownFileType = sourcecode.c.h; path = GTMMIMEDocument.h; sourceTree = "<group>"; };
		E93E3BE019878F7B00056E0A /* GTMMIMEDocument.m */ = {isa = PBXFileReference; fileEncoding = 4; lastKnownFileType = sourcecode.c.objc; path = GTMMIMEDocument.m; sourceTree = "<group>"; };
		E93E3BE119878F7B00056E0A /* GTMReadMonitorInputStream.h */ = {isa = PBXFileReference; fileEncoding = 4; lastKnownFileType = sourcecode.c.h; path = GTMReadMonitorInputStream.h; sourceTree = "<group>"; };
		E93E3BE219878F7B00056E0A /* GTMReadMonitorInputStream.m */ = {isa = PBXFileReference; fileEncoding = 4; lastKnownFileType = sourcecode.c.objc; path = GTMReadMonitorInputStream.m; sourceTree = "<group>"; };
		E93E3BEB19878F8F00056E0A /* GTLDefines.h */ = {isa = PBXFileReference; lastKnownFileType = sourcecode.c.h; path = GTLDefines.h; sourceTree = "<group>"; };
		E93E3BED19878FA400056E0A /* GTLFramework.h */ = {isa = PBXFileReference; fileEncoding = 4; lastKnownFileType = sourcecode.c.h; path = GTLFramework.h; sourceTree = "<group>"; };
		E93E3BEE19878FA400056E0A /* GTLFramework.m */ = {isa = PBXFileReference; fileEncoding = 4; lastKnownFileType = sourcecode.c.objc; path = GTLFramework.m; sourceTree = "<group>"; };
		E93E3BEF19878FA400056E0A /* GTLJSONParser.h */ = {isa = PBXFileReference; fileEncoding = 4; lastKnownFileType = sourcecode.c.h; path = GTLJSONParser.h; sourceTree = "<group>"; };
		E93E3BF019878FA400056E0A /* GTLJSONParser.m */ = {isa = PBXFileReference; fileEncoding = 4; lastKnownFileType = sourcecode.c.objc; path = GTLJSONParser.m; sourceTree = "<group>"; };
		E93E3BF119878FA400056E0A /* GTLTargetNamespace.h */ = {isa = PBXFileReference; fileEncoding = 4; lastKnownFileType = sourcecode.c.h; path = GTLTargetNamespace.h; sourceTree = "<group>"; };
		E93E3BF219878FA400056E0A /* GTLUtilities.h */ = {isa = PBXFileReference; fileEncoding = 4; lastKnownFileType = sourcecode.c.h; path = GTLUtilities.h; sourceTree = "<group>"; };
		E93E3BF319878FA400056E0A /* GTLUtilities.m */ = {isa = PBXFileReference; fileEncoding = 4; lastKnownFileType = sourcecode.c.objc; path = GTLUtilities.m; sourceTree = "<group>"; };
		E93E3BF419878FA400056E0A /* GTLBase64.h */ = {isa = PBXFileReference; fileEncoding = 4; lastKnownFileType = sourcecode.c.h; path = GTLBase64.h; sourceTree = "<group>"; };
		E93E3BF519878FA400056E0A /* GTLBase64.m */ = {isa = PBXFileReference; fileEncoding = 4; lastKnownFileType = sourcecode.c.objc; path = GTLBase64.m; sourceTree = "<group>"; };
		E93E3BFF198790DF00056E0A /* GTLPost.h */ = {isa = PBXFileReference; fileEncoding = 4; lastKnownFileType = sourcecode.c.h; path = GTLPost.h; sourceTree = "<group>"; };
		E93E3C00198790DF00056E0A /* GTLPostApiCommonUserAccount.h */ = {isa = PBXFileReference; fileEncoding = 4; lastKnownFileType = sourcecode.c.h; path = GTLPostApiCommonUserAccount.h; sourceTree = "<group>"; };
		E93E3C01198790DF00056E0A /* GTLPostApiCommonUserAccount.m */ = {isa = PBXFileReference; fileEncoding = 4; lastKnownFileType = sourcecode.c.objc; path = GTLPostApiCommonUserAccount.m; sourceTree = "<group>"; };
		E93E3C02198790DF00056E0A /* GTLPostApiCommonUserAuthentication.h */ = {isa = PBXFileReference; fileEncoding = 4; lastKnownFileType = sourcecode.c.h; path = GTLPostApiCommonUserAuthentication.h; sourceTree = "<group>"; };
		E93E3C03198790DF00056E0A /* GTLPostApiCommonUserAuthentication.m */ = {isa = PBXFileReference; fileEncoding = 4; lastKnownFileType = sourcecode.c.objc; path = GTLPostApiCommonUserAuthentication.m; sourceTree = "<group>"; };
		E93E3C04198790DF00056E0A /* GTLPostApiCommonUserPost.h */ = {isa = PBXFileReference; fileEncoding = 4; lastKnownFileType = sourcecode.c.h; path = GTLPostApiCommonUserPost.h; sourceTree = "<group>"; };
		E93E3C05198790DF00056E0A /* GTLPostApiCommonUserPost.m */ = {isa = PBXFileReference; fileEncoding = 4; lastKnownFileType = sourcecode.c.objc; path = GTLPostApiCommonUserPost.m; sourceTree = "<group>"; };
		E93E3C06198790DF00056E0A /* GTLPostApiPostsUserPostCreateRequest.h */ = {isa = PBXFileReference; fileEncoding = 4; lastKnownFileType = sourcecode.c.h; path = GTLPostApiPostsUserPostCreateRequest.h; sourceTree = "<group>"; };
		E93E3C07198790DF00056E0A /* GTLPostApiPostsUserPostCreateRequest.m */ = {isa = PBXFileReference; fileEncoding = 4; lastKnownFileType = sourcecode.c.objc; path = GTLPostApiPostsUserPostCreateRequest.m; sourceTree = "<group>"; };
		E93E3C08198790DF00056E0A /* GTLPostApiPostsUserPostCreateResponse.h */ = {isa = PBXFileReference; fileEncoding = 4; lastKnownFileType = sourcecode.c.h; path = GTLPostApiPostsUserPostCreateResponse.h; sourceTree = "<group>"; };
		E93E3C09198790DF00056E0A /* GTLPostApiPostsUserPostCreateResponse.m */ = {isa = PBXFileReference; fileEncoding = 4; lastKnownFileType = sourcecode.c.objc; path = GTLPostApiPostsUserPostCreateResponse.m; sourceTree = "<group>"; };
		E93E3C0A198790DF00056E0A /* GTLPostApiPostsUserPostListResponse.h */ = {isa = PBXFileReference; fileEncoding = 4; lastKnownFileType = sourcecode.c.h; path = GTLPostApiPostsUserPostListResponse.h; sourceTree = "<group>"; };
		E93E3C0B198790DF00056E0A /* GTLPostApiPostsUserPostListResponse.m */ = {isa = PBXFileReference; fileEncoding = 4; lastKnownFileType = sourcecode.c.objc; path = GTLPostApiPostsUserPostListResponse.m; sourceTree = "<group>"; };
		E93E3C0C198790DF00056E0A /* GTLPostConstants.h */ = {isa = PBXFileReference; fileEncoding = 4; lastKnownFileType = sourcecode.c.h; path = GTLPostConstants.h; sourceTree = "<group>"; };
		E93E3C0D198790DF00056E0A /* GTLPostConstants.m */ = {isa = PBXFileReference; fileEncoding = 4; lastKnownFileType = sourcecode.c.objc; path = GTLPostConstants.m; sourceTree = "<group>"; };
		E93E3C0E198790DF00056E0A /* GTLQueryPost.h */ = {isa = PBXFileReference; fileEncoding = 4; lastKnownFileType = sourcecode.c.h; path = GTLQueryPost.h; sourceTree = "<group>"; };
		E93E3C0F198790DF00056E0A /* GTLQueryPost.m */ = {isa = PBXFileReference; fileEncoding = 4; lastKnownFileType = sourcecode.c.objc; path = GTLQueryPost.m; sourceTree = "<group>"; };
		E93E3C10198790DF00056E0A /* GTLServicePost.h */ = {isa = PBXFileReference; fileEncoding = 4; lastKnownFileType = sourcecode.c.h; path = GTLServicePost.h; sourceTree = "<group>"; };
		E93E3C11198790DF00056E0A /* GTLServicePost.m */ = {isa = PBXFileReference; fileEncoding = 4; lastKnownFileType = sourcecode.c.objc; path = GTLServicePost.m; sourceTree = "<group>"; };
		E93E3C1C198790EC00056E0A /* GTLQueryReaction.h */ = {isa = PBXFileReference; fileEncoding = 4; lastKnownFileType = sourcecode.c.h; path = GTLQueryReaction.h; sourceTree = "<group>"; };
		E93E3C1D198790EC00056E0A /* GTLQueryReaction.m */ = {isa = PBXFileReference; fileEncoding = 4; lastKnownFileType = sourcecode.c.objc; path = GTLQueryReaction.m; sourceTree = "<group>"; };
		E93E3C1F198790EC00056E0A /* GTLReaction.h */ = {isa = PBXFileReference; fileEncoding = 4; lastKnownFileType = sourcecode.c.h; path = GTLReaction.h; sourceTree = "<group>"; };
		E93E3C20198790EC00056E0A /* GTLReactionApiCommentsCommentCreateRequest.h */ = {isa = PBXFileReference; fileEncoding = 4; lastKnownFileType = sourcecode.c.h; path = GTLReactionApiCommentsCommentCreateRequest.h; sourceTree = "<group>"; };
		E93E3C21198790EC00056E0A /* GTLReactionApiCommentsCommentCreateRequest.m */ = {isa = PBXFileReference; fileEncoding = 4; lastKnownFileType = sourcecode.c.objc; path = GTLReactionApiCommentsCommentCreateRequest.m; sourceTree = "<group>"; };
		E93E3C22198790EC00056E0A /* GTLReactionApiCommentsCommentCreateResponse.h */ = {isa = PBXFileReference; fileEncoding = 4; lastKnownFileType = sourcecode.c.h; path = GTLReactionApiCommentsCommentCreateResponse.h; sourceTree = "<group>"; };
		E93E3C23198790EC00056E0A /* GTLReactionApiCommentsCommentCreateResponse.m */ = {isa = PBXFileReference; fileEncoding = 4; lastKnownFileType = sourcecode.c.objc; path = GTLReactionApiCommentsCommentCreateResponse.m; sourceTree = "<group>"; };
		E93E3C24198790EC00056E0A /* GTLReactionApiCommentsCommentListResponse.h */ = {isa = PBXFileReference; fileEncoding = 4; lastKnownFileType = sourcecode.c.h; path = GTLReactionApiCommentsCommentListResponse.h; sourceTree = "<group>"; };
		E93E3C25198790EC00056E0A /* GTLReactionApiCommentsCommentListResponse.m */ = {isa = PBXFileReference; fileEncoding = 4; lastKnownFileType = sourcecode.c.objc; path = GTLReactionApiCommentsCommentListResponse.m; sourceTree = "<group>"; };
		E93E3C26198790EC00056E0A /* GTLReactionApiCommentsVoteRequest.h */ = {isa = PBXFileReference; fileEncoding = 4; lastKnownFileType = sourcecode.c.h; path = GTLReactionApiCommentsVoteRequest.h; sourceTree = "<group>"; };
		E93E3C27198790EC00056E0A /* GTLReactionApiCommentsVoteRequest.m */ = {isa = PBXFileReference; fileEncoding = 4; lastKnownFileType = sourcecode.c.objc; path = GTLReactionApiCommentsVoteRequest.m; sourceTree = "<group>"; };
		E93E3C28198790EC00056E0A /* GTLReactionApiCommentsVoteResponse.h */ = {isa = PBXFileReference; fileEncoding = 4; lastKnownFileType = sourcecode.c.h; path = GTLReactionApiCommentsVoteResponse.h; sourceTree = "<group>"; };
		E93E3C29198790EC00056E0A /* GTLReactionApiCommentsVoteResponse.m */ = {isa = PBXFileReference; fileEncoding = 4; lastKnownFileType = sourcecode.c.objc; path = GTLReactionApiCommentsVoteResponse.m; sourceTree = "<group>"; };
		E93E3C2A198790EC00056E0A /* GTLReactionApiCommonUserAuthentication.h */ = {isa = PBXFileReference; fileEncoding = 4; lastKnownFileType = sourcecode.c.h; path = GTLReactionApiCommonUserAuthentication.h; sourceTree = "<group>"; };
		E93E3C2B198790EC00056E0A /* GTLReactionApiCommonUserAuthentication.m */ = {isa = PBXFileReference; fileEncoding = 4; lastKnownFileType = sourcecode.c.objc; path = GTLReactionApiCommonUserAuthentication.m; sourceTree = "<group>"; };
		E93E3C2C198790EC00056E0A /* GTLReactionConstants.h */ = {isa = PBXFileReference; fileEncoding = 4; lastKnownFileType = sourcecode.c.h; path = GTLReactionConstants.h; sourceTree = "<group>"; };
		E93E3C2D198790EC00056E0A /* GTLReactionConstants.m */ = {isa = PBXFileReference; fileEncoding = 4; lastKnownFileType = sourcecode.c.objc; path = GTLReactionConstants.m; sourceTree = "<group>"; };
		E93E3C2E198790EC00056E0A /* GTLServiceReaction.h */ = {isa = PBXFileReference; fileEncoding = 4; lastKnownFileType = sourcecode.c.h; path = GTLServiceReaction.h; sourceTree = "<group>"; };
		E93E3C2F198790EC00056E0A /* GTLServiceReaction.m */ = {isa = PBXFileReference; fileEncoding = 4; lastKnownFileType = sourcecode.c.objc; path = GTLServiceReaction.m; sourceTree = "<group>"; };
		E93E3C3A198790F800056E0A /* GTLQueryUser.h */ = {isa = PBXFileReference; fileEncoding = 4; lastKnownFileType = sourcecode.c.h; path = GTLQueryUser.h; sourceTree = "<group>"; };
		E93E3C3B198790F800056E0A /* GTLQueryUser.m */ = {isa = PBXFileReference; fileEncoding = 4; lastKnownFileType = sourcecode.c.objc; path = GTLQueryUser.m; sourceTree = "<group>"; };
		E93E3C3C198790F800056E0A /* GTLServiceUser.h */ = {isa = PBXFileReference; fileEncoding = 4; lastKnownFileType = sourcecode.c.h; path = GTLServiceUser.h; sourceTree = "<group>"; };
		E93E3C3D198790F800056E0A /* GTLServiceUser.m */ = {isa = PBXFileReference; fileEncoding = 4; lastKnownFileType = sourcecode.c.objc; path = GTLServiceUser.m; sourceTree = "<group>"; };
		E93E3C3F198790F800056E0A /* GTLUser.h */ = {isa = PBXFileReference; fileEncoding = 4; lastKnownFileType = sourcecode.c.h; path = GTLUser.h; sourceTree = "<group>"; };
		E93E3C40198790F800056E0A /* GTLUserApiUserUserLoginRequest.h */ = {isa = PBXFileReference; fileEncoding = 4; lastKnownFileType = sourcecode.c.h; path = GTLUserApiUserUserLoginRequest.h; sourceTree = "<group>"; };
		E93E3C41198790F800056E0A /* GTLUserApiUserUserLoginRequest.m */ = {isa = PBXFileReference; fileEncoding = 4; lastKnownFileType = sourcecode.c.objc; path = GTLUserApiUserUserLoginRequest.m; sourceTree = "<group>"; };
		E93E3C42198790F800056E0A /* GTLUserApiUserUserLoginResponse.h */ = {isa = PBXFileReference; fileEncoding = 4; lastKnownFileType = sourcecode.c.h; path = GTLUserApiUserUserLoginResponse.h; sourceTree = "<group>"; };
		E93E3C43198790F800056E0A /* GTLUserApiUserUserLoginResponse.m */ = {isa = PBXFileReference; fileEncoding = 4; lastKnownFileType = sourcecode.c.objc; path = GTLUserApiUserUserLoginResponse.m; sourceTree = "<group>"; };
		E93E3C44198790F800056E0A /* GTLUserApiUserUserRegistrationRequest.h */ = {isa = PBXFileReference; fileEncoding = 4; lastKnownFileType = sourcecode.c.h; path = GTLUserApiUserUserRegistrationRequest.h; sourceTree = "<group>"; };
		E93E3C45198790F800056E0A /* GTLUserApiUserUserRegistrationRequest.m */ = {isa = PBXFileReference; fileEncoding = 4; lastKnownFileType = sourcecode.c.objc; path = GTLUserApiUserUserRegistrationRequest.m; sourceTree = "<group>"; };
		E93E3C46198790F800056E0A /* GTLUserApiUserUserRegistrationResponse.h */ = {isa = PBXFileReference; fileEncoding = 4; lastKnownFileType = sourcecode.c.h; path = GTLUserApiUserUserRegistrationResponse.h; sourceTree = "<group>"; };
		E93E3C47198790F800056E0A /* GTLUserApiUserUserRegistrationResponse.m */ = {isa = PBXFileReference; fileEncoding = 4; lastKnownFileType = sourcecode.c.objc; path = GTLUserApiUserUserRegistrationResponse.m; sourceTree = "<group>"; };
		E93E3C48198790F800056E0A /* GTLUserConstants.h */ = {isa = PBXFileReference; fileEncoding = 4; lastKnownFileType = sourcecode.c.h; path = GTLUserConstants.h; sourceTree = "<group>"; };
		E93E3C49198790F800056E0A /* GTLUserConstants.m */ = {isa = PBXFileReference; fileEncoding = 4; lastKnownFileType = sourcecode.c.objc; path = GTLUserConstants.m; sourceTree = "<group>"; };
		E94621861987F08A002DFB71 /* DummyViewController.h */ = {isa = PBXFileReference; fileEncoding = 4; lastKnownFileType = sourcecode.c.h; path = DummyViewController.h; sourceTree = "<group>"; };
		E94621871987F08A002DFB71 /* DummyViewController.m */ = {isa = PBXFileReference; fileEncoding = 4; lastKnownFileType = sourcecode.c.objc; path = DummyViewController.m; sourceTree = "<group>"; };
		E95D3B3E1989050000ACA8D0 /* UserTabTableViewController.h */ = {isa = PBXFileReference; fileEncoding = 4; lastKnownFileType = sourcecode.c.h; path = UserTabTableViewController.h; sourceTree = "<group>"; };
		E95D3B3F1989050000ACA8D0 /* UserTabTableViewController.m */ = {isa = PBXFileReference; fileEncoding = 4; lastKnownFileType = sourcecode.c.objc; path = UserTabTableViewController.m; sourceTree = "<group>"; };
		E99EBD2419824B50000AE890 /* RipOff9Gag.app */ = {isa = PBXFileReference; explicitFileType = wrapper.application; includeInIndex = 0; path = RipOff9Gag.app; sourceTree = BUILT_PRODUCTS_DIR; };
		E99EBD2719824B50000AE890 /* Foundation.framework */ = {isa = PBXFileReference; lastKnownFileType = wrapper.framework; name = Foundation.framework; path = System/Library/Frameworks/Foundation.framework; sourceTree = SDKROOT; };
		E99EBD2919824B50000AE890 /* CoreGraphics.framework */ = {isa = PBXFileReference; lastKnownFileType = wrapper.framework; name = CoreGraphics.framework; path = System/Library/Frameworks/CoreGraphics.framework; sourceTree = SDKROOT; };
		E99EBD2B19824B50000AE890 /* UIKit.framework */ = {isa = PBXFileReference; lastKnownFileType = wrapper.framework; name = UIKit.framework; path = System/Library/Frameworks/UIKit.framework; sourceTree = SDKROOT; };
		E99EBD2F19824B50000AE890 /* RipOff9Gag-Info.plist */ = {isa = PBXFileReference; lastKnownFileType = text.plist.xml; path = "RipOff9Gag-Info.plist"; sourceTree = "<group>"; };
		E99EBD3119824B50000AE890 /* en */ = {isa = PBXFileReference; lastKnownFileType = text.plist.strings; name = en; path = en.lproj/InfoPlist.strings; sourceTree = "<group>"; };
		E99EBD3319824B50000AE890 /* main.m */ = {isa = PBXFileReference; lastKnownFileType = sourcecode.c.objc; path = main.m; sourceTree = "<group>"; };
		E99EBD3519824B50000AE890 /* RipOff9Gag-Prefix.pch */ = {isa = PBXFileReference; lastKnownFileType = sourcecode.c.h; path = "RipOff9Gag-Prefix.pch"; sourceTree = "<group>"; };
		E99EBD3619824B50000AE890 /* AppDelegate.h */ = {isa = PBXFileReference; lastKnownFileType = sourcecode.c.h; path = AppDelegate.h; sourceTree = "<group>"; };
		E99EBD3719824B50000AE890 /* AppDelegate.m */ = {isa = PBXFileReference; lastKnownFileType = sourcecode.c.objc; path = AppDelegate.m; sourceTree = "<group>"; };
		E99EBD3A19824B50000AE890 /* Base */ = {isa = PBXFileReference; lastKnownFileType = file.storyboard; name = Base; path = Base.lproj/Main_iPhone.storyboard; sourceTree = "<group>"; };
		E99EBD3D19824B50000AE890 /* Base */ = {isa = PBXFileReference; lastKnownFileType = file.storyboard; name = Base; path = Base.lproj/Main_iPad.storyboard; sourceTree = "<group>"; };
		E99EBD4519824B50000AE890 /* Images.xcassets */ = {isa = PBXFileReference; lastKnownFileType = folder.assetcatalog; path = Images.xcassets; sourceTree = "<group>"; };
		E99EBD4B19824B50000AE890 /* RipOff9GagTests.xctest */ = {isa = PBXFileReference; explicitFileType = wrapper.cfbundle; includeInIndex = 0; path = RipOff9GagTests.xctest; sourceTree = BUILT_PRODUCTS_DIR; };
		E99EBD4C19824B50000AE890 /* XCTest.framework */ = {isa = PBXFileReference; lastKnownFileType = wrapper.framework; name = XCTest.framework; path = Library/Frameworks/XCTest.framework; sourceTree = DEVELOPER_DIR; };
		E99EBD5419824B50000AE890 /* RipOff9GagTests-Info.plist */ = {isa = PBXFileReference; lastKnownFileType = text.plist.xml; path = "RipOff9GagTests-Info.plist"; sourceTree = "<group>"; };
		E99EBD5619824B50000AE890 /* en */ = {isa = PBXFileReference; lastKnownFileType = text.plist.strings; name = en; path = en.lproj/InfoPlist.strings; sourceTree = "<group>"; };
		E99EBD5819824B50000AE890 /* RipOff9GagTests.m */ = {isa = PBXFileReference; lastKnownFileType = sourcecode.c.objc; path = RipOff9GagTests.m; sourceTree = "<group>"; };
		E9CA9A3D19894964003F1D7D /* UserRegistrationTableViewController.h */ = {isa = PBXFileReference; fileEncoding = 4; lastKnownFileType = sourcecode.c.h; path = UserRegistrationTableViewController.h; sourceTree = "<group>"; };
		E9CA9A3E19894964003F1D7D /* UserRegistrationTableViewController.m */ = {isa = PBXFileReference; fileEncoding = 4; lastKnownFileType = sourcecode.c.objc; path = UserRegistrationTableViewController.m; sourceTree = "<group>"; };
		E9D3861C19829150005A764B /* PostsTableViewController.h */ = {isa = PBXFileReference; fileEncoding = 4; lastKnownFileType = sourcecode.c.h; path = PostsTableViewController.h; sourceTree = "<group>"; };
		E9D3861D19829150005A764B /* PostsTableViewController.m */ = {isa = PBXFileReference; fileEncoding = 4; lastKnownFileType = sourcecode.c.objc; path = PostsTableViewController.m; sourceTree = "<group>"; };
/* End PBXFileReference section */

/* Begin PBXFrameworksBuildPhase section */
		E99EBD2119824B50000AE890 /* Frameworks */ = {
			isa = PBXFrameworksBuildPhase;
			buildActionMask = 2147483647;
			files = (
				E99EBD2A19824B50000AE890 /* CoreGraphics.framework in Frameworks */,
				E99EBD2C19824B50000AE890 /* UIKit.framework in Frameworks */,
				E99EBD2819824B50000AE890 /* Foundation.framework in Frameworks */,
			);
			runOnlyForDeploymentPostprocessing = 0;
		};
		E99EBD4819824B50000AE890 /* Frameworks */ = {
			isa = PBXFrameworksBuildPhase;
			buildActionMask = 2147483647;
			files = (
				E99EBD4D19824B50000AE890 /* XCTest.framework in Frameworks */,
				E99EBD4F19824B50000AE890 /* UIKit.framework in Frameworks */,
				E99EBD4E19824B50000AE890 /* Foundation.framework in Frameworks */,
			);
			runOnlyForDeploymentPostprocessing = 0;
		};
/* End PBXFrameworksBuildPhase section */

/* Begin PBXGroup section */
		E93E3BA819878E8000056E0A /* RemoteClient */ = {
			isa = PBXGroup;
			children = (
				E93E3BFA19878FC100056E0A /* API */,
				E93E3BEB19878F8F00056E0A /* GTLDefines.h */,
				E93E3BEC19878F9600056E0A /* Utilities */,
				E93E3BD219878F6800056E0A /* HTTPFetcher */,
				E93E3BC519878F2900056E0A /* OAuth2 */,
				E93E3BA919878EFE00056E0A /* Objects */,
			);
			path = RemoteClient;
			sourceTree = "<group>";
		};
		E93E3BA919878EFE00056E0A /* Objects */ = {
			isa = PBXGroup;
			children = (
				E93E3BAA19878F2100056E0A /* GTLObject.h */,
				E93E3BAB19878F2100056E0A /* GTLObject.m */,
				E93E3BAC19878F2100056E0A /* GTLQuery.h */,
				E93E3BAD19878F2100056E0A /* GTLQuery.m */,
				E93E3BAE19878F2100056E0A /* GTLBatchQuery.h */,
				E93E3BAF19878F2100056E0A /* GTLBatchQuery.m */,
				E93E3BB019878F2100056E0A /* GTLService.h */,
				E93E3BB119878F2100056E0A /* GTLService.m */,
				E93E3BB219878F2100056E0A /* GTLBatchResult.h */,
				E93E3BB319878F2100056E0A /* GTLBatchResult.m */,
				E93E3BB419878F2100056E0A /* GTLUploadParameters.h */,
				E93E3BB519878F2100056E0A /* GTLUploadParameters.m */,
				E93E3BB619878F2100056E0A /* GTLDateTime.h */,
				E93E3BB719878F2100056E0A /* GTLDateTime.m */,
				E93E3BB819878F2100056E0A /* GTLErrorObject.h */,
				E93E3BB919878F2100056E0A /* GTLErrorObject.m */,
				E93E3BBA19878F2100056E0A /* GTLRuntimeCommon.h */,
				E93E3BBB19878F2100056E0A /* GTLRuntimeCommon.m */,
			);
			name = Objects;
			sourceTree = "<group>";
		};
		E93E3BC519878F2900056E0A /* OAuth2 */ = {
			isa = PBXGroup;
			children = (
				E93E3BCC19878F4B00056E0A /* Touch */,
				E93E3BC619878F3C00056E0A /* GTMOAuth2Authentication.h */,
				E93E3BC719878F3C00056E0A /* GTMOAuth2Authentication.m */,
				E93E3BC819878F3C00056E0A /* GTMOAuth2SignIn.h */,
				E93E3BC919878F3C00056E0A /* GTMOAuth2SignIn.m */,
			);
			name = OAuth2;
			sourceTree = "<group>";
		};
		E93E3BCC19878F4B00056E0A /* Touch */ = {
			isa = PBXGroup;
			children = (
				E93E3BCD19878F5B00056E0A /* GTMOAuth2ViewControllerTouch.h */,
				E93E3BCE19878F5B00056E0A /* GTMOAuth2ViewControllerTouch.m */,
				E93E3BCF19878F5B00056E0A /* GTMOAuth2ViewTouch.xib */,
			);
			name = Touch;
			sourceTree = "<group>";
		};
		E93E3BD219878F6800056E0A /* HTTPFetcher */ = {
			isa = PBXGroup;
			children = (
				E93E3BD319878F7B00056E0A /* GTMHTTPFetcherService.h */,
				E93E3BD419878F7B00056E0A /* GTMHTTPFetcherService.m */,
				E93E3BD519878F7B00056E0A /* GTMHTTPFetcher.h */,
				E93E3BD619878F7B00056E0A /* GTMHTTPFetcher.m */,
				E93E3BD719878F7B00056E0A /* GTMHTTPFetcherLogging.h */,
				E93E3BD819878F7B00056E0A /* GTMHTTPFetcherLogging.m */,
				E93E3BD919878F7B00056E0A /* GTMHTTPFetchHistory.h */,
				E93E3BDA19878F7B00056E0A /* GTMHTTPFetchHistory.m */,
				E93E3BDB19878F7B00056E0A /* GTMHTTPUploadFetcher.h */,
				E93E3BDC19878F7B00056E0A /* GTMHTTPUploadFetcher.m */,
				E93E3BDD19878F7B00056E0A /* GTMGatherInputStream.h */,
				E93E3BDE19878F7B00056E0A /* GTMGatherInputStream.m */,
				E93E3BDF19878F7B00056E0A /* GTMMIMEDocument.h */,
				E93E3BE019878F7B00056E0A /* GTMMIMEDocument.m */,
				E93E3BE119878F7B00056E0A /* GTMReadMonitorInputStream.h */,
				E93E3BE219878F7B00056E0A /* GTMReadMonitorInputStream.m */,
			);
			name = HTTPFetcher;
			sourceTree = "<group>";
		};
		E93E3BEC19878F9600056E0A /* Utilities */ = {
			isa = PBXGroup;
			children = (
				E93E3BED19878FA400056E0A /* GTLFramework.h */,
				E93E3BEE19878FA400056E0A /* GTLFramework.m */,
				E93E3BEF19878FA400056E0A /* GTLJSONParser.h */,
				E93E3BF019878FA400056E0A /* GTLJSONParser.m */,
				E93E3BF119878FA400056E0A /* GTLTargetNamespace.h */,
				E93E3BF219878FA400056E0A /* GTLUtilities.h */,
				E93E3BF319878FA400056E0A /* GTLUtilities.m */,
				E93E3BF419878FA400056E0A /* GTLBase64.h */,
				E93E3BF519878FA400056E0A /* GTLBase64.m */,
			);
			name = Utilities;
			sourceTree = "<group>";
		};
		E93E3BFA19878FC100056E0A /* API */ = {
			isa = PBXGroup;
			children = (
				E93E3BFD198790A300056E0A /* User */,
				E93E3BFC1987909900056E0A /* Reaction */,
				E93E3BFB1987909000056E0A /* Post */,
			);
			path = API;
			sourceTree = "<group>";
		};
		E93E3BFB1987909000056E0A /* Post */ = {
			isa = PBXGroup;
			children = (
				E93E3BFF198790DF00056E0A /* GTLPost.h */,
				E93E3C00198790DF00056E0A /* GTLPostApiCommonUserAccount.h */,
				E93E3C01198790DF00056E0A /* GTLPostApiCommonUserAccount.m */,
				E93E3C02198790DF00056E0A /* GTLPostApiCommonUserAuthentication.h */,
				E93E3C03198790DF00056E0A /* GTLPostApiCommonUserAuthentication.m */,
				E93E3C04198790DF00056E0A /* GTLPostApiCommonUserPost.h */,
				E93E3C05198790DF00056E0A /* GTLPostApiCommonUserPost.m */,
				E93E3C06198790DF00056E0A /* GTLPostApiPostsUserPostCreateRequest.h */,
				E93E3C07198790DF00056E0A /* GTLPostApiPostsUserPostCreateRequest.m */,
				E93E3C08198790DF00056E0A /* GTLPostApiPostsUserPostCreateResponse.h */,
				E93E3C09198790DF00056E0A /* GTLPostApiPostsUserPostCreateResponse.m */,
				E93E3C0A198790DF00056E0A /* GTLPostApiPostsUserPostListResponse.h */,
				E93E3C0B198790DF00056E0A /* GTLPostApiPostsUserPostListResponse.m */,
				E93E3C0C198790DF00056E0A /* GTLPostConstants.h */,
				E93E3C0D198790DF00056E0A /* GTLPostConstants.m */,
				E93E3C0E198790DF00056E0A /* GTLQueryPost.h */,
				E93E3C0F198790DF00056E0A /* GTLQueryPost.m */,
				E93E3C10198790DF00056E0A /* GTLServicePost.h */,
				E93E3C11198790DF00056E0A /* GTLServicePost.m */,
			);
			path = Post;
			sourceTree = "<group>";
		};
		E93E3BFC1987909900056E0A /* Reaction */ = {
			isa = PBXGroup;
			children = (
				E93E3C1C198790EC00056E0A /* GTLQueryReaction.h */,
				E93E3C1D198790EC00056E0A /* GTLQueryReaction.m */,
				E93E3C1F198790EC00056E0A /* GTLReaction.h */,
				E93E3C20198790EC00056E0A /* GTLReactionApiCommentsCommentCreateRequest.h */,
				E93E3C21198790EC00056E0A /* GTLReactionApiCommentsCommentCreateRequest.m */,
				E93E3C22198790EC00056E0A /* GTLReactionApiCommentsCommentCreateResponse.h */,
				E93E3C23198790EC00056E0A /* GTLReactionApiCommentsCommentCreateResponse.m */,
				E93E3C24198790EC00056E0A /* GTLReactionApiCommentsCommentListResponse.h */,
				E93E3C25198790EC00056E0A /* GTLReactionApiCommentsCommentListResponse.m */,
				E93E3C26198790EC00056E0A /* GTLReactionApiCommentsVoteRequest.h */,
				E93E3C27198790EC00056E0A /* GTLReactionApiCommentsVoteRequest.m */,
				E93E3C28198790EC00056E0A /* GTLReactionApiCommentsVoteResponse.h */,
				E93E3C29198790EC00056E0A /* GTLReactionApiCommentsVoteResponse.m */,
				E93E3C2A198790EC00056E0A /* GTLReactionApiCommonUserAuthentication.h */,
				E93E3C2B198790EC00056E0A /* GTLReactionApiCommonUserAuthentication.m */,
				E93E3C2C198790EC00056E0A /* GTLReactionConstants.h */,
				E93E3C2D198790EC00056E0A /* GTLReactionConstants.m */,
				E93E3C2E198790EC00056E0A /* GTLServiceReaction.h */,
				E93E3C2F198790EC00056E0A /* GTLServiceReaction.m */,
			);
			path = Reaction;
			sourceTree = "<group>";
		};
		E93E3BFD198790A300056E0A /* User */ = {
			isa = PBXGroup;
			children = (
				E93E3C3A198790F800056E0A /* GTLQueryUser.h */,
				E93E3C3B198790F800056E0A /* GTLQueryUser.m */,
				E93E3C3C198790F800056E0A /* GTLServiceUser.h */,
				E93E3C3D198790F800056E0A /* GTLServiceUser.m */,
				E93E3C3F198790F800056E0A /* GTLUser.h */,
				E93E3C40198790F800056E0A /* GTLUserApiUserUserLoginRequest.h */,
				E93E3C41198790F800056E0A /* GTLUserApiUserUserLoginRequest.m */,
				E93E3C42198790F800056E0A /* GTLUserApiUserUserLoginResponse.h */,
				E93E3C43198790F800056E0A /* GTLUserApiUserUserLoginResponse.m */,
				E93E3C44198790F800056E0A /* GTLUserApiUserUserRegistrationRequest.h */,
				E93E3C45198790F800056E0A /* GTLUserApiUserUserRegistrationRequest.m */,
				E93E3C46198790F800056E0A /* GTLUserApiUserUserRegistrationResponse.h */,
				E93E3C47198790F800056E0A /* GTLUserApiUserUserRegistrationResponse.m */,
				E93E3C48198790F800056E0A /* GTLUserConstants.h */,
				E93E3C49198790F800056E0A /* GTLUserConstants.m */,
			);
			path = User;
			sourceTree = "<group>";
		};
		E99EBD1B19824B50000AE890 = {
			isa = PBXGroup;
			children = (
				E99EBD2D19824B50000AE890 /* RipOff9Gag */,
				E99EBD5219824B50000AE890 /* RipOff9GagTests */,
				E99EBD2619824B50000AE890 /* Frameworks */,
				E99EBD2519824B50000AE890 /* Products */,
			);
			sourceTree = "<group>";
		};
		E99EBD2519824B50000AE890 /* Products */ = {
			isa = PBXGroup;
			children = (
				E99EBD2419824B50000AE890 /* RipOff9Gag.app */,
				E99EBD4B19824B50000AE890 /* RipOff9GagTests.xctest */,
			);
			name = Products;
			sourceTree = "<group>";
		};
		E99EBD2619824B50000AE890 /* Frameworks */ = {
			isa = PBXGroup;
			children = (
				E99EBD2719824B50000AE890 /* Foundation.framework */,
				E99EBD2919824B50000AE890 /* CoreGraphics.framework */,
				E99EBD2B19824B50000AE890 /* UIKit.framework */,
				E99EBD4C19824B50000AE890 /* XCTest.framework */,
			);
			name = Frameworks;
			sourceTree = "<group>";
		};
		E99EBD2D19824B50000AE890 /* RipOff9Gag */ = {
			isa = PBXGroup;
			children = (
				E93E3BA819878E8000056E0A /* RemoteClient */,
				E9D3861B198290AD005A764B /* ViewControllers */,
				E99EBD3619824B50000AE890 /* AppDelegate.h */,
				E99EBD3719824B50000AE890 /* AppDelegate.m */,
				E99EBD3919824B50000AE890 /* Main_iPhone.storyboard */,
				E99EBD3C19824B50000AE890 /* Main_iPad.storyboard */,
				E99EBD4519824B50000AE890 /* Images.xcassets */,
				E99EBD2E19824B50000AE890 /* Supporting Files */,
			);
			path = RipOff9Gag;
			sourceTree = "<group>";
		};
		E99EBD2E19824B50000AE890 /* Supporting Files */ = {
			isa = PBXGroup;
			children = (
				E99EBD2F19824B50000AE890 /* RipOff9Gag-Info.plist */,
				E99EBD3019824B50000AE890 /* InfoPlist.strings */,
				E99EBD3319824B50000AE890 /* main.m */,
				E99EBD3519824B50000AE890 /* RipOff9Gag-Prefix.pch */,
			);
			name = "Supporting Files";
			sourceTree = "<group>";
		};
		E99EBD5219824B50000AE890 /* RipOff9GagTests */ = {
			isa = PBXGroup;
			children = (
				E99EBD5819824B50000AE890 /* RipOff9GagTests.m */,
				E99EBD5319824B50000AE890 /* Supporting Files */,
			);
			path = RipOff9GagTests;
			sourceTree = "<group>";
		};
		E99EBD5319824B50000AE890 /* Supporting Files */ = {
			isa = PBXGroup;
			children = (
				E99EBD5419824B50000AE890 /* RipOff9GagTests-Info.plist */,
				E99EBD5519824B50000AE890 /* InfoPlist.strings */,
			);
			name = "Supporting Files";
			sourceTree = "<group>";
		};
		E9D3861B198290AD005A764B /* ViewControllers */ = {
			isa = PBXGroup;
			children = (
				E9D3861C19829150005A764B /* PostsTableViewController.h */,
				E9D3861D19829150005A764B /* PostsTableViewController.m */,
				E94621861987F08A002DFB71 /* DummyViewController.h */,
				E94621871987F08A002DFB71 /* DummyViewController.m */,
				E95D3B3E1989050000ACA8D0 /* UserTabTableViewController.h */,
				E95D3B3F1989050000ACA8D0 /* UserTabTableViewController.m */,
				E9CA9A3D19894964003F1D7D /* UserRegistrationTableViewController.h */,
				E9CA9A3E19894964003F1D7D /* UserRegistrationTableViewController.m */,
			);
			path = ViewControllers;
			sourceTree = "<group>";
		};
/* End PBXGroup section */

/* Begin PBXNativeTarget section */
		E99EBD2319824B50000AE890 /* RipOff9Gag */ = {
			isa = PBXNativeTarget;
			buildConfigurationList = E99EBD5C19824B50000AE890 /* Build configuration list for PBXNativeTarget "RipOff9Gag" */;
			buildPhases = (
				E99EBD2019824B50000AE890 /* Sources */,
				E99EBD2119824B50000AE890 /* Frameworks */,
				E99EBD2219824B50000AE890 /* Resources */,
			);
			buildRules = (
			);
			dependencies = (
			);
			name = RipOff9Gag;
			productName = RipOff9Gag;
			productReference = E99EBD2419824B50000AE890 /* RipOff9Gag.app */;
			productType = "com.apple.product-type.application";
		};
		E99EBD4A19824B50000AE890 /* RipOff9GagTests */ = {
			isa = PBXNativeTarget;
			buildConfigurationList = E99EBD5F19824B50000AE890 /* Build configuration list for PBXNativeTarget "RipOff9GagTests" */;
			buildPhases = (
				E99EBD4719824B50000AE890 /* Sources */,
				E99EBD4819824B50000AE890 /* Frameworks */,
				E99EBD4919824B50000AE890 /* Resources */,
			);
			buildRules = (
			);
			dependencies = (
				E99EBD5119824B50000AE890 /* PBXTargetDependency */,
			);
			name = RipOff9GagTests;
			productName = RipOff9GagTests;
			productReference = E99EBD4B19824B50000AE890 /* RipOff9GagTests.xctest */;
			productType = "com.apple.product-type.bundle.unit-test";
		};
/* End PBXNativeTarget section */

/* Begin PBXProject section */
		E99EBD1C19824B50000AE890 /* Project object */ = {
			isa = PBXProject;
			attributes = {
				LastUpgradeCheck = 0510;
				ORGANIZATIONNAME = "Secret Transaction Inc.";
				TargetAttributes = {
					E99EBD2319824B50000AE890 = {
						DevelopmentTeam = 65SU2RD4AG;
					};
					E99EBD4A19824B50000AE890 = {
						TestTargetID = E99EBD2319824B50000AE890;
					};
				};
			};
			buildConfigurationList = E99EBD1F19824B50000AE890 /* Build configuration list for PBXProject "RipOff9Gag" */;
			compatibilityVersion = "Xcode 3.2";
			developmentRegion = English;
			hasScannedForEncodings = 0;
			knownRegions = (
				en,
				Base,
			);
			mainGroup = E99EBD1B19824B50000AE890;
			productRefGroup = E99EBD2519824B50000AE890 /* Products */;
			projectDirPath = "";
			projectRoot = "";
			targets = (
				E99EBD2319824B50000AE890 /* RipOff9Gag */,
				E99EBD4A19824B50000AE890 /* RipOff9GagTests */,
			);
		};
/* End PBXProject section */

/* Begin PBXResourcesBuildPhase section */
		E99EBD2219824B50000AE890 /* Resources */ = {
			isa = PBXResourcesBuildPhase;
			buildActionMask = 2147483647;
			files = (
				E93E3BD119878F5B00056E0A /* GTMOAuth2ViewTouch.xib in Resources */,
				E99EBD3E19824B50000AE890 /* Main_iPad.storyboard in Resources */,
				E99EBD4619824B50000AE890 /* Images.xcassets in Resources */,
				E99EBD3B19824B50000AE890 /* Main_iPhone.storyboard in Resources */,
				E99EBD3219824B50000AE890 /* InfoPlist.strings in Resources */,
			);
			runOnlyForDeploymentPostprocessing = 0;
		};
		E99EBD4919824B50000AE890 /* Resources */ = {
			isa = PBXResourcesBuildPhase;
			buildActionMask = 2147483647;
			files = (
				E99EBD5719824B50000AE890 /* InfoPlist.strings in Resources */,
			);
			runOnlyForDeploymentPostprocessing = 0;
		};
/* End PBXResourcesBuildPhase section */

/* Begin PBXSourcesBuildPhase section */
		E99EBD2019824B50000AE890 /* Sources */ = {
			isa = PBXSourcesBuildPhase;
			buildActionMask = 2147483647;
			files = (
				E93E3BC119878F2100056E0A /* GTLUploadParameters.m in Sources */,
				E93E3C19198790DF00056E0A /* GTLPostConstants.m in Sources */,
				E93E3C4D198790F800056E0A /* GTLUserApiUserUserLoginRequest.m in Sources */,
				E93E3BE419878F7B00056E0A /* GTMHTTPFetcher.m in Sources */,
				E93E3BC419878F2100056E0A /* GTLRuntimeCommon.m in Sources */,
				E93E3C16198790DF00056E0A /* GTLPostApiPostsUserPostCreateRequest.m in Sources */,
				E93E3C4A198790F800056E0A /* GTLQueryUser.m in Sources */,
				E93E3C35198790EC00056E0A /* GTLReactionApiCommentsVoteRequest.m in Sources */,
				E93E3C30198790EC00056E0A /* GTLQueryReaction.m in Sources */,
				E93E3BE719878F7B00056E0A /* GTMHTTPUploadFetcher.m in Sources */,
				E93E3BE619878F7B00056E0A /* GTMHTTPFetchHistory.m in Sources */,
				E93E3C18198790DF00056E0A /* GTLPostApiPostsUserPostListResponse.m in Sources */,
				E93E3C51198790F800056E0A /* GTLUserConstants.m in Sources */,
				E93E3BBC19878F2100056E0A /* GTLObject.m in Sources */,
				E93E3C50198790F800056E0A /* GTLUserApiUserUserRegistrationResponse.m in Sources */,
				E93E3BEA19878F7B00056E0A /* GTMReadMonitorInputStream.m in Sources */,
				E93E3C32198790EC00056E0A /* GTLReactionApiCommentsCommentCreateRequest.m in Sources */,
				E93E3BC319878F2100056E0A /* GTLErrorObject.m in Sources */,
				E93E3C4B198790F800056E0A /* GTLServiceUser.m in Sources */,
				E93E3BBF19878F2100056E0A /* GTLService.m in Sources */,
				E93E3BCA19878F3C00056E0A /* GTMOAuth2Authentication.m in Sources */,
				E9CA9A3F19894964003F1D7D /* UserRegistrationTableViewController.m in Sources */,
				E93E3C39198790EC00056E0A /* GTLServiceReaction.m in Sources */,
				E93E3BBE19878F2100056E0A /* GTLBatchQuery.m in Sources */,
				E93E3BCB19878F3C00056E0A /* GTMOAuth2SignIn.m in Sources */,
				E93E3C38198790EC00056E0A /* GTLReactionConstants.m in Sources */,
				E93E3BE819878F7B00056E0A /* GTMGatherInputStream.m in Sources */,
				E93E3BF919878FA400056E0A /* GTLBase64.m in Sources */,
				E93E3C37198790EC00056E0A /* GTLReactionApiCommonUserAuthentication.m in Sources */,
				E93E3BC219878F2100056E0A /* GTLDateTime.m in Sources */,
				E93E3BF619878FA400056E0A /* GTLFramework.m in Sources */,
				E93E3C1B198790DF00056E0A /* GTLServicePost.m in Sources */,
				E93E3C14198790DF00056E0A /* GTLPostApiCommonUserAuthentication.m in Sources */,
				E93E3C36198790EC00056E0A /* GTLReactionApiCommentsVoteResponse.m in Sources */,
				E93E3C33198790EC00056E0A /* GTLReactionApiCommentsCommentCreateResponse.m in Sources */,
				E93E3C34198790EC00056E0A /* GTLReactionApiCommentsCommentListResponse.m in Sources */,
				E93E3C4E198790F800056E0A /* GTLUserApiUserUserLoginResponse.m in Sources */,
				E93E3BD019878F5B00056E0A /* GTMOAuth2ViewControllerTouch.m in Sources */,
				E93E3BC019878F2100056E0A /* GTLBatchResult.m in Sources */,
				E93E3BE919878F7B00056E0A /* GTMMIMEDocument.m in Sources */,
				E93E3C4F198790F800056E0A /* GTLUserApiUserUserRegistrationRequest.m in Sources */,
				E93E3C13198790DF00056E0A /* GTLPostApiCommonUserAccount.m in Sources */,
				E93E3BBD19878F2100056E0A /* GTLQuery.m in Sources */,
				E93E3BE319878F7B00056E0A /* GTMHTTPFetcherService.m in Sources */,
				E93E3BF819878FA400056E0A /* GTLUtilities.m in Sources */,
				E93E3C1A198790DF00056E0A /* GTLQueryPost.m in Sources */,
				E93E3C15198790DF00056E0A /* GTLPostApiCommonUserPost.m in Sources */,
				E94621881987F08A002DFB71 /* DummyViewController.m in Sources */,
				E93E3BE519878F7B00056E0A /* GTMHTTPFetcherLogging.m in Sources */,
				E99EBD3819824B50000AE890 /* AppDelegate.m in Sources */,
				E99EBD3419824B50000AE890 /* main.m in Sources */,
				E9D3861E19829150005A764B /* PostsTableViewController.m in Sources */,
				E93E3C17198790DF00056E0A /* GTLPostApiPostsUserPostCreateResponse.m in Sources */,
				E95D3B401989050000ACA8D0 /* UserTabTableViewController.m in Sources */,
				E93E3BF719878FA400056E0A /* GTLJSONParser.m in Sources */,
			);
			runOnlyForDeploymentPostprocessing = 0;
		};
		E99EBD4719824B50000AE890 /* Sources */ = {
			isa = PBXSourcesBuildPhase;
			buildActionMask = 2147483647;
			files = (
				E99EBD5919824B50000AE890 /* RipOff9GagTests.m in Sources */,
			);
			runOnlyForDeploymentPostprocessing = 0;
		};
/* End PBXSourcesBuildPhase section */

/* Begin PBXTargetDependency section */
		E99EBD5119824B50000AE890 /* PBXTargetDependency */ = {
			isa = PBXTargetDependency;
			target = E99EBD2319824B50000AE890 /* RipOff9Gag */;
			targetProxy = E99EBD5019824B50000AE890 /* PBXContainerItemProxy */;
		};
/* End PBXTargetDependency section */

/* Begin PBXVariantGroup section */
		E99EBD3019824B50000AE890 /* InfoPlist.strings */ = {
			isa = PBXVariantGroup;
			children = (
				E99EBD3119824B50000AE890 /* en */,
			);
			name = InfoPlist.strings;
			sourceTree = "<group>";
		};
		E99EBD3919824B50000AE890 /* Main_iPhone.storyboard */ = {
			isa = PBXVariantGroup;
			children = (
				E99EBD3A19824B50000AE890 /* Base */,
			);
			name = Main_iPhone.storyboard;
			sourceTree = "<group>";
		};
		E99EBD3C19824B50000AE890 /* Main_iPad.storyboard */ = {
			isa = PBXVariantGroup;
			children = (
				E99EBD3D19824B50000AE890 /* Base */,
			);
			name = Main_iPad.storyboard;
			sourceTree = "<group>";
		};
		E99EBD5519824B50000AE890 /* InfoPlist.strings */ = {
			isa = PBXVariantGroup;
			children = (
				E99EBD5619824B50000AE890 /* en */,
			);
			name = InfoPlist.strings;
			sourceTree = "<group>";
		};
/* End PBXVariantGroup section */

/* Begin XCBuildConfiguration section */
		E99EBD5A19824B50000AE890 /* Debug */ = {
			isa = XCBuildConfiguration;
			buildSettings = {
				ALWAYS_SEARCH_USER_PATHS = NO;
				CLANG_CXX_LANGUAGE_STANDARD = "gnu++0x";
				CLANG_CXX_LIBRARY = "libc++";
				CLANG_ENABLE_MODULES = YES;
				CLANG_ENABLE_OBJC_ARC = YES;
				CLANG_WARN_BOOL_CONVERSION = YES;
				CLANG_WARN_CONSTANT_CONVERSION = YES;
				CLANG_WARN_DIRECT_OBJC_ISA_USAGE = YES_ERROR;
				CLANG_WARN_EMPTY_BODY = YES;
				CLANG_WARN_ENUM_CONVERSION = YES;
				CLANG_WARN_INT_CONVERSION = YES;
				CLANG_WARN_OBJC_ROOT_CLASS = YES_ERROR;
				CLANG_WARN__DUPLICATE_METHOD_MATCH = YES;
				"CODE_SIGN_IDENTITY[sdk=iphoneos*]" = "iPhone Developer";
				COPY_PHASE_STRIP = NO;
				GCC_C_LANGUAGE_STANDARD = gnu99;
				GCC_DYNAMIC_NO_PIC = NO;
				GCC_OPTIMIZATION_LEVEL = 0;
				GCC_PREPROCESSOR_DEFINITIONS = (
					"DEBUG=1",
					"$(inherited)",
				);
				GCC_SYMBOLS_PRIVATE_EXTERN = NO;
				GCC_WARN_64_TO_32_BIT_CONVERSION = YES;
				GCC_WARN_ABOUT_RETURN_TYPE = YES_ERROR;
				GCC_WARN_UNDECLARED_SELECTOR = YES;
				GCC_WARN_UNINITIALIZED_AUTOS = YES_AGGRESSIVE;
				GCC_WARN_UNUSED_FUNCTION = YES;
				GCC_WARN_UNUSED_VARIABLE = YES;
				IPHONEOS_DEPLOYMENT_TARGET = 7.1;
				ONLY_ACTIVE_ARCH = YES;
				SDKROOT = iphoneos;
				TARGETED_DEVICE_FAMILY = "1,2";
			};
			name = Debug;
		};
		E99EBD5B19824B50000AE890 /* Release */ = {
			isa = XCBuildConfiguration;
			buildSettings = {
				ALWAYS_SEARCH_USER_PATHS = NO;
				CLANG_CXX_LANGUAGE_STANDARD = "gnu++0x";
				CLANG_CXX_LIBRARY = "libc++";
				CLANG_ENABLE_MODULES = YES;
				CLANG_ENABLE_OBJC_ARC = YES;
				CLANG_WARN_BOOL_CONVERSION = YES;
				CLANG_WARN_CONSTANT_CONVERSION = YES;
				CLANG_WARN_DIRECT_OBJC_ISA_USAGE = YES_ERROR;
				CLANG_WARN_EMPTY_BODY = YES;
				CLANG_WARN_ENUM_CONVERSION = YES;
				CLANG_WARN_INT_CONVERSION = YES;
				CLANG_WARN_OBJC_ROOT_CLASS = YES_ERROR;
				CLANG_WARN__DUPLICATE_METHOD_MATCH = YES;
				"CODE_SIGN_IDENTITY[sdk=iphoneos*]" = "iPhone Developer";
				COPY_PHASE_STRIP = YES;
				ENABLE_NS_ASSERTIONS = NO;
				GCC_C_LANGUAGE_STANDARD = gnu99;
				GCC_WARN_64_TO_32_BIT_CONVERSION = YES;
				GCC_WARN_ABOUT_RETURN_TYPE = YES_ERROR;
				GCC_WARN_UNDECLARED_SELECTOR = YES;
				GCC_WARN_UNINITIALIZED_AUTOS = YES_AGGRESSIVE;
				GCC_WARN_UNUSED_FUNCTION = YES;
				GCC_WARN_UNUSED_VARIABLE = YES;
				IPHONEOS_DEPLOYMENT_TARGET = 7.1;
				SDKROOT = iphoneos;
				TARGETED_DEVICE_FAMILY = "1,2";
				VALIDATE_PRODUCT = YES;
			};
			name = Release;
		};
		E99EBD5D19824B50000AE890 /* Debug */ = {
			isa = XCBuildConfiguration;
			buildSettings = {
				ASSETCATALOG_COMPILER_APPICON_NAME = AppIcon;
				ASSETCATALOG_COMPILER_LAUNCHIMAGE_NAME = LaunchImage;
				CODE_SIGN_IDENTITY = "iPhone Developer";
				GCC_PRECOMPILE_PREFIX_HEADER = YES;
				GCC_PREFIX_HEADER = "RipOff9Gag/RipOff9Gag-Prefix.pch";
				INFOPLIST_FILE = "RipOff9Gag/RipOff9Gag-Info.plist";
				IPHONEOS_DEPLOYMENT_TARGET = 7.1;
				PRODUCT_NAME = "$(TARGET_NAME)";
				TARGETED_DEVICE_FAMILY = "1,2";
				WRAPPER_EXTENSION = app;
			};
			name = Debug;
		};
		E99EBD5E19824B50000AE890 /* Release */ = {
			isa = XCBuildConfiguration;
			buildSettings = {
				ASSETCATALOG_COMPILER_APPICON_NAME = AppIcon;
				ASSETCATALOG_COMPILER_LAUNCHIMAGE_NAME = LaunchImage;
				CODE_SIGN_IDENTITY = "iPhone Developer";
				GCC_PRECOMPILE_PREFIX_HEADER = YES;
				GCC_PREFIX_HEADER = "RipOff9Gag/RipOff9Gag-Prefix.pch";
				INFOPLIST_FILE = "RipOff9Gag/RipOff9Gag-Info.plist";
				IPHONEOS_DEPLOYMENT_TARGET = 7.1;
				PRODUCT_NAME = "$(TARGET_NAME)";
				TARGETED_DEVICE_FAMILY = "1,2";
				WRAPPER_EXTENSION = app;
			};
			name = Release;
		};
		E99EBD6019824B50000AE890 /* Debug */ = {
			isa = XCBuildConfiguration;
			buildSettings = {
				BUNDLE_LOADER = "$(BUILT_PRODUCTS_DIR)/RipOff9Gag.app/RipOff9Gag";
				FRAMEWORK_SEARCH_PATHS = (
					"$(SDKROOT)/Developer/Library/Frameworks",
					"$(inherited)",
					"$(DEVELOPER_FRAMEWORKS_DIR)",
				);
				GCC_PRECOMPILE_PREFIX_HEADER = YES;
				GCC_PREFIX_HEADER = "RipOff9Gag/RipOff9Gag-Prefix.pch";
				GCC_PREPROCESSOR_DEFINITIONS = (
					"DEBUG=1",
					"$(inherited)",
				);
				INFOPLIST_FILE = "RipOff9GagTests/RipOff9GagTests-Info.plist";
				PRODUCT_NAME = "$(TARGET_NAME)";
				TEST_HOST = "$(BUNDLE_LOADER)";
				WRAPPER_EXTENSION = xctest;
			};
			name = Debug;
		};
		E99EBD6119824B50000AE890 /* Release */ = {
			isa = XCBuildConfiguration;
			buildSettings = {
				BUNDLE_LOADER = "$(BUILT_PRODUCTS_DIR)/RipOff9Gag.app/RipOff9Gag";
				FRAMEWORK_SEARCH_PATHS = (
					"$(SDKROOT)/Developer/Library/Frameworks",
					"$(inherited)",
					"$(DEVELOPER_FRAMEWORKS_DIR)",
				);
				GCC_PRECOMPILE_PREFIX_HEADER = YES;
				GCC_PREFIX_HEADER = "RipOff9Gag/RipOff9Gag-Prefix.pch";
				INFOPLIST_FILE = "RipOff9GagTests/RipOff9GagTests-Info.plist";
				PRODUCT_NAME = "$(TARGET_NAME)";
				TEST_HOST = "$(BUNDLE_LOADER)";
				WRAPPER_EXTENSION = xctest;
			};
			name = Release;
		};
/* End XCBuildConfiguration section */

/* Begin XCConfigurationList section */
		E99EBD1F19824B50000AE890 /* Build configuration list for PBXProject "RipOff9Gag" */ = {
			isa = XCConfigurationList;
			buildConfigurations = (
				E99EBD5A19824B50000AE890 /* Debug */,
				E99EBD5B19824B50000AE890 /* Release */,
			);
			defaultConfigurationIsVisible = 0;
			defaultConfigurationName = Release;
		};
		E99EBD5C19824B50000AE890 /* Build configuration list for PBXNativeTarget "RipOff9Gag" */ = {
			isa = XCConfigurationList;
			buildConfigurations = (
				E99EBD5D19824B50000AE890 /* Debug */,
				E99EBD5E19824B50000AE890 /* Release */,
			);
			defaultConfigurationIsVisible = 0;
			defaultConfigurationName = Release;
		};
		E99EBD5F19824B50000AE890 /* Build configuration list for PBXNativeTarget "RipOff9GagTests" */ = {
			isa = XCConfigurationList;
			buildConfigurations = (
				E99EBD6019824B50000AE890 /* Debug */,
				E99EBD6119824B50000AE890 /* Release */,
			);
			defaultConfigurationIsVisible = 0;
			defaultConfigurationName = Release;
		};
/* End XCConfigurationList section */
	};
	rootObject = E99EBD1C19824B50000AE890 /* Project object */;
}
