// !$*UTF8*$!
{
	archiveVersion = 1;
	classes = {
	};
	objectVersion = 46;
	objects = {

/* Begin PBXBuildFile section */
		29822DC3041E468BA35CF4E5 /* libPods.a in Frameworks */ = {isa = PBXBuildFile; fileRef = 9D326AB24E5046C39353526C /* libPods.a */; };
		E9049732199536B400EBBBFE /* AddPostViewController.m in Sources */ = {isa = PBXBuildFile; fileRef = E9049731199536B400EBBBFE /* AddPostViewController.m */; };
		E91C105919A9880E0006289B /* GTLImageAppError.m in Sources */ = {isa = PBXBuildFile; fileRef = E91C104C19A9880E0006289B /* GTLImageAppError.m */; };
		E91C105A19A9880E0006289B /* GTLImageConstants.m in Sources */ = {isa = PBXBuildFile; fileRef = E91C104E19A9880E0006289B /* GTLImageConstants.m */; };
		E91C105B19A9880E0006289B /* GTLImageGetUrlRequest.m in Sources */ = {isa = PBXBuildFile; fileRef = E91C105019A9880E0006289B /* GTLImageGetUrlRequest.m */; };
		E91C105C19A9880E0006289B /* GTLImageGetUrlResponse.m in Sources */ = {isa = PBXBuildFile; fileRef = E91C105219A9880E0006289B /* GTLImageGetUrlResponse.m */; };
		E91C105D19A9880E0006289B /* GTLImageUserAuthentication.m in Sources */ = {isa = PBXBuildFile; fileRef = E91C105419A9880E0006289B /* GTLImageUserAuthentication.m */; };
		E91C105E19A9880E0006289B /* GTLQueryImage.m in Sources */ = {isa = PBXBuildFile; fileRef = E91C105619A9880E0006289B /* GTLQueryImage.m */; };
		E91C105F19A9880E0006289B /* GTLServiceImage.m in Sources */ = {isa = PBXBuildFile; fileRef = E91C105819A9880E0006289B /* GTLServiceImage.m */; };
		E92E3F53198DE5150077F661 /* LoginViewController.m in Sources */ = {isa = PBXBuildFile; fileRef = E92E3F52198DE5150077F661 /* LoginViewController.m */; };
		E92E3F57198E39070077F661 /* SessionManager.m in Sources */ = {isa = PBXBuildFile; fileRef = E92E3F56198E39070077F661 /* SessionManager.m */; };
		E92E3F5A198E6F370077F661 /* UserProfileDisplayViewController.m in Sources */ = {isa = PBXBuildFile; fileRef = E92E3F59198E6F370077F661 /* UserProfileDisplayViewController.m */; };
		E9370A95199BBC4A00F7E6C7 /* PostTableViewCell.m in Sources */ = {isa = PBXBuildFile; fileRef = E9370A94199BBC4A00F7E6C7 /* PostTableViewCell.m */; };
		E9370A98199BBDAD00F7E6C7 /* Model.xcdatamodeld in Sources */ = {isa = PBXBuildFile; fileRef = E9370A96199BBDAD00F7E6C7 /* Model.xcdatamodeld */; };
		E9370A9B199BBE8300F7E6C7 /* DataManager.m in Sources */ = {isa = PBXBuildFile; fileRef = E9370A9A199BBE8300F7E6C7 /* DataManager.m */; };
		E9370A9D199BBEAB00F7E6C7 /* CoreData.framework in Frameworks */ = {isa = PBXBuildFile; fileRef = E9370A9C199BBEAB00F7E6C7 /* CoreData.framework */; };
		E9370AAD199BC68E00F7E6C7 /* AsyncImageDownloader.m in Sources */ = {isa = PBXBuildFile; fileRef = E9370AAC199BC68E00F7E6C7 /* AsyncImageDownloader.m */; };
		E939673B19A622E10059806F /* GTLPostConstants.m in Sources */ = {isa = PBXBuildFile; fileRef = E939672819A622E10059806F /* GTLPostConstants.m */; };
		E939673C19A622E10059806F /* GTLPostUserAccount.m in Sources */ = {isa = PBXBuildFile; fileRef = E939672A19A622E10059806F /* GTLPostUserAccount.m */; };
		E939673D19A622E10059806F /* GTLPostUserAuthentication.m in Sources */ = {isa = PBXBuildFile; fileRef = E939672C19A622E10059806F /* GTLPostUserAuthentication.m */; };
		E939673E19A622E10059806F /* GTLPostUserPost.m in Sources */ = {isa = PBXBuildFile; fileRef = E939672E19A622E10059806F /* GTLPostUserPost.m */; };
		E939673F19A622E10059806F /* GTLPostUserPostCreateRequest.m in Sources */ = {isa = PBXBuildFile; fileRef = E939673019A622E10059806F /* GTLPostUserPostCreateRequest.m */; };
		E939674019A622E10059806F /* GTLPostUserPostCreateResponse.m in Sources */ = {isa = PBXBuildFile; fileRef = E939673219A622E10059806F /* GTLPostUserPostCreateResponse.m */; };
		E939674119A622E10059806F /* GTLPostUserPostListRequest.m in Sources */ = {isa = PBXBuildFile; fileRef = E939673419A622E10059806F /* GTLPostUserPostListRequest.m */; };
		E939674219A622E10059806F /* GTLPostUserPostListResponse.m in Sources */ = {isa = PBXBuildFile; fileRef = E939673619A622E10059806F /* GTLPostUserPostListResponse.m */; };
		E939674319A622E10059806F /* GTLQueryPost.m in Sources */ = {isa = PBXBuildFile; fileRef = E939673819A622E10059806F /* GTLQueryPost.m */; };
		E939674419A622E10059806F /* GTLServicePost.m in Sources */ = {isa = PBXBuildFile; fileRef = E939673A19A622E10059806F /* GTLServicePost.m */; };
		E939676C19A623510059806F /* GTLQueryUser.m in Sources */ = {isa = PBXBuildFile; fileRef = E939675C19A623510059806F /* GTLQueryUser.m */; };
		E939676D19A623510059806F /* GTLServiceUser.m in Sources */ = {isa = PBXBuildFile; fileRef = E939675E19A623510059806F /* GTLServiceUser.m */; };
		E939676E19A623510059806F /* GTLUserAppError.m in Sources */ = {isa = PBXBuildFile; fileRef = E939676119A623510059806F /* GTLUserAppError.m */; };
		E939676F19A623510059806F /* GTLUserConstants.m in Sources */ = {isa = PBXBuildFile; fileRef = E939676319A623510059806F /* GTLUserConstants.m */; };
		E939677019A623510059806F /* GTLUserLoginRequest.m in Sources */ = {isa = PBXBuildFile; fileRef = E939676519A623510059806F /* GTLUserLoginRequest.m */; };
		E939677119A623510059806F /* GTLUserLoginResponse.m in Sources */ = {isa = PBXBuildFile; fileRef = E939676719A623510059806F /* GTLUserLoginResponse.m */; };
		E939677219A623510059806F /* GTLUserRegistrationRequest.m in Sources */ = {isa = PBXBuildFile; fileRef = E939676919A623510059806F /* GTLUserRegistrationRequest.m */; };
		E939677319A623510059806F /* GTLUserRegistrationResponse.m in Sources */ = {isa = PBXBuildFile; fileRef = E939676B19A623510059806F /* GTLUserRegistrationResponse.m */; };
		E939678919A6237B0059806F /* GTLQueryReaction.m in Sources */ = {isa = PBXBuildFile; fileRef = E939677519A6237B0059806F /* GTLQueryReaction.m */; };
		E939678A19A6237B0059806F /* GTLReactionCommentCreateRequest.m in Sources */ = {isa = PBXBuildFile; fileRef = E939677819A6237B0059806F /* GTLReactionCommentCreateRequest.m */; };
		E939678B19A6237B0059806F /* GTLReactionCommentCreateResponse.m in Sources */ = {isa = PBXBuildFile; fileRef = E939677A19A6237B0059806F /* GTLReactionCommentCreateResponse.m */; };
		E939678C19A6237B0059806F /* GTLReactionCommentListRequest.m in Sources */ = {isa = PBXBuildFile; fileRef = E939677C19A6237B0059806F /* GTLReactionCommentListRequest.m */; };
		E939678D19A6237B0059806F /* GTLReactionCommentListResponse.m in Sources */ = {isa = PBXBuildFile; fileRef = E939677E19A6237B0059806F /* GTLReactionCommentListResponse.m */; };
		E939678E19A6237B0059806F /* GTLReactionComments.m in Sources */ = {isa = PBXBuildFile; fileRef = E939678019A6237B0059806F /* GTLReactionComments.m */; };
		E939678F19A6237B0059806F /* GTLReactionConstants.m in Sources */ = {isa = PBXBuildFile; fileRef = E939678219A6237B0059806F /* GTLReactionConstants.m */; };
		E939679019A6237B0059806F /* GTLReactionVoteRequest.m in Sources */ = {isa = PBXBuildFile; fileRef = E939678419A6237B0059806F /* GTLReactionVoteRequest.m */; };
		E939679119A6237B0059806F /* GTLReactionVoteResponse.m in Sources */ = {isa = PBXBuildFile; fileRef = E939678619A6237B0059806F /* GTLReactionVoteResponse.m */; };
		E939679219A6237B0059806F /* GTLServiceReaction.m in Sources */ = {isa = PBXBuildFile; fileRef = E939678819A6237B0059806F /* GTLServiceReaction.m */; };
		E93E3BBC19878F2100056E0A /* GTLObject.m in Sources */ = {isa = PBXBuildFile; fileRef = E93E3BAB19878F2100056E0A /* GTLObject.m */; settings = {COMPILER_FLAGS = "-fno-objc-arc"; }; };
		E93E3BBD19878F2100056E0A /* GTLQuery.m in Sources */ = {isa = PBXBuildFile; fileRef = E93E3BAD19878F2100056E0A /* GTLQuery.m */; settings = {COMPILER_FLAGS = "-fno-objc-arc"; }; };
		E93E3BBE19878F2100056E0A /* GTLBatchQuery.m in Sources */ = {isa = PBXBuildFile; fileRef = E93E3BAF19878F2100056E0A /* GTLBatchQuery.m */; settings = {COMPILER_FLAGS = "-fno-objc-arc"; }; };
		E93E3BBF19878F2100056E0A /* GTLService.m in Sources */ = {isa = PBXBuildFile; fileRef = E93E3BB119878F2100056E0A /* GTLService.m */; settings = {COMPILER_FLAGS = "-fno-objc-arc"; }; };
		E93E3BC019878F2100056E0A /* GTLBatchResult.m in Sources */ = {isa = PBXBuildFile; fileRef = E93E3BB319878F2100056E0A /* GTLBatchResult.m */; settings = {COMPILER_FLAGS = "-fno-objc-arc"; }; };
		E93E3BC119878F2100056E0A /* GTLUploadParameters.m in Sources */ = {isa = PBXBuildFile; fileRef = E93E3BB519878F2100056E0A /* GTLUploadParameters.m */; settings = {COMPILER_FLAGS = "-fno-objc-arc"; }; };
		E93E3BC219878F2100056E0A /* GTLDateTime.m in Sources */ = {isa = PBXBuildFile; fileRef = E93E3BB719878F2100056E0A /* GTLDateTime.m */; settings = {COMPILER_FLAGS = "-fno-objc-arc"; }; };
		E93E3BC319878F2100056E0A /* GTLErrorObject.m in Sources */ = {isa = PBXBuildFile; fileRef = E93E3BB919878F2100056E0A /* GTLErrorObject.m */; };
		E93E3BC419878F2100056E0A /* GTLRuntimeCommon.m in Sources */ = {isa = PBXBuildFile; fileRef = E93E3BBB19878F2100056E0A /* GTLRuntimeCommon.m */; settings = {COMPILER_FLAGS = "-fno-objc-arc"; }; };
		E93E3BCA19878F3C00056E0A /* GTMOAuth2Authentication.m in Sources */ = {isa = PBXBuildFile; fileRef = E93E3BC719878F3C00056E0A /* GTMOAuth2Authentication.m */; settings = {COMPILER_FLAGS = "-fno-objc-arc"; }; };
		E93E3BCB19878F3C00056E0A /* GTMOAuth2SignIn.m in Sources */ = {isa = PBXBuildFile; fileRef = E93E3BC919878F3C00056E0A /* GTMOAuth2SignIn.m */; settings = {COMPILER_FLAGS = "-fno-objc-arc"; }; };
		E93E3BD019878F5B00056E0A /* GTMOAuth2ViewControllerTouch.m in Sources */ = {isa = PBXBuildFile; fileRef = E93E3BCE19878F5B00056E0A /* GTMOAuth2ViewControllerTouch.m */; settings = {COMPILER_FLAGS = "-fno-objc-arc"; }; };
		E93E3BD119878F5B00056E0A /* GTMOAuth2ViewTouch.xib in Resources */ = {isa = PBXBuildFile; fileRef = E93E3BCF19878F5B00056E0A /* GTMOAuth2ViewTouch.xib */; };
		E93E3BE319878F7B00056E0A /* GTMHTTPFetcherService.m in Sources */ = {isa = PBXBuildFile; fileRef = E93E3BD419878F7B00056E0A /* GTMHTTPFetcherService.m */; settings = {COMPILER_FLAGS = "-fno-objc-arc"; }; };
		E93E3BE419878F7B00056E0A /* GTMHTTPFetcher.m in Sources */ = {isa = PBXBuildFile; fileRef = E93E3BD619878F7B00056E0A /* GTMHTTPFetcher.m */; settings = {COMPILER_FLAGS = "-fno-objc-arc"; }; };
		E93E3BE519878F7B00056E0A /* GTMHTTPFetcherLogging.m in Sources */ = {isa = PBXBuildFile; fileRef = E93E3BD819878F7B00056E0A /* GTMHTTPFetcherLogging.m */; settings = {COMPILER_FLAGS = "-fno-objc-arc"; }; };
		E93E3BE619878F7B00056E0A /* GTMHTTPFetchHistory.m in Sources */ = {isa = PBXBuildFile; fileRef = E93E3BDA19878F7B00056E0A /* GTMHTTPFetchHistory.m */; settings = {COMPILER_FLAGS = "-fno-objc-arc"; }; };
		E93E3BE719878F7B00056E0A /* GTMHTTPUploadFetcher.m in Sources */ = {isa = PBXBuildFile; fileRef = E93E3BDC19878F7B00056E0A /* GTMHTTPUploadFetcher.m */; settings = {COMPILER_FLAGS = "-fno-objc-arc"; }; };
		E93E3BE819878F7B00056E0A /* GTMGatherInputStream.m in Sources */ = {isa = PBXBuildFile; fileRef = E93E3BDE19878F7B00056E0A /* GTMGatherInputStream.m */; settings = {COMPILER_FLAGS = "-fno-objc-arc"; }; };
		E93E3BE919878F7B00056E0A /* GTMMIMEDocument.m in Sources */ = {isa = PBXBuildFile; fileRef = E93E3BE019878F7B00056E0A /* GTMMIMEDocument.m */; settings = {COMPILER_FLAGS = "-fno-objc-arc"; }; };
		E93E3BEA19878F7B00056E0A /* GTMReadMonitorInputStream.m in Sources */ = {isa = PBXBuildFile; fileRef = E93E3BE219878F7B00056E0A /* GTMReadMonitorInputStream.m */; settings = {COMPILER_FLAGS = "-fno-objc-arc"; }; };
		E93E3BF619878FA400056E0A /* GTLFramework.m in Sources */ = {isa = PBXBuildFile; fileRef = E93E3BEE19878FA400056E0A /* GTLFramework.m */; };
		E93E3BF719878FA400056E0A /* GTLJSONParser.m in Sources */ = {isa = PBXBuildFile; fileRef = E93E3BF019878FA400056E0A /* GTLJSONParser.m */; settings = {COMPILER_FLAGS = "-fno-objc-arc"; }; };
		E93E3BF819878FA400056E0A /* GTLUtilities.m in Sources */ = {isa = PBXBuildFile; fileRef = E93E3BF319878FA400056E0A /* GTLUtilities.m */; settings = {COMPILER_FLAGS = "-fno-objc-arc"; }; };
		E93E3BF919878FA400056E0A /* GTLBase64.m in Sources */ = {isa = PBXBuildFile; fileRef = E93E3BF519878FA400056E0A /* GTLBase64.m */; settings = {COMPILER_FLAGS = "-fno-objc-arc"; }; };
		E94621881987F08A002DFB71 /* DummyViewController.m in Sources */ = {isa = PBXBuildFile; fileRef = E94621871987F08A002DFB71 /* DummyViewController.m */; };
		E9568CBA198A89C600FDA6E9 /* UserProfileViewController.m in Sources */ = {isa = PBXBuildFile; fileRef = E9568CB9198A89C600FDA6E9 /* UserProfileViewController.m */; };
		E99EBD2819824B50000AE890 /* Foundation.framework in Frameworks */ = {isa = PBXBuildFile; fileRef = E99EBD2719824B50000AE890 /* Foundation.framework */; };
		E99EBD2A19824B50000AE890 /* CoreGraphics.framework in Frameworks */ = {isa = PBXBuildFile; fileRef = E99EBD2919824B50000AE890 /* CoreGraphics.framework */; };
		E99EBD2C19824B50000AE890 /* UIKit.framework in Frameworks */ = {isa = PBXBuildFile; fileRef = E99EBD2B19824B50000AE890 /* UIKit.framework */; };
		E99EBD3219824B50000AE890 /* InfoPlist.strings in Resources */ = {isa = PBXBuildFile; fileRef = E99EBD3019824B50000AE890 /* InfoPlist.strings */; };
		E99EBD3419824B50000AE890 /* main.m in Sources */ = {isa = PBXBuildFile; fileRef = E99EBD3319824B50000AE890 /* main.m */; };
		E99EBD3819824B50000AE890 /* AppDelegate.m in Sources */ = {isa = PBXBuildFile; fileRef = E99EBD3719824B50000AE890 /* AppDelegate.m */; };
		E99EBD3B19824B50000AE890 /* Main_iPhone.storyboard in Resources */ = {isa = PBXBuildFile; fileRef = E99EBD3919824B50000AE890 /* Main_iPhone.storyboard */; };
		E99EBD3E19824B50000AE890 /* Main_iPad.storyboard in Resources */ = {isa = PBXBuildFile; fileRef = E99EBD3C19824B50000AE890 /* Main_iPad.storyboard */; };
		E99EBD4619824B50000AE890 /* Images.xcassets in Resources */ = {isa = PBXBuildFile; fileRef = E99EBD4519824B50000AE890 /* Images.xcassets */; };
		E99EBD4D19824B50000AE890 /* XCTest.framework in Frameworks */ = {isa = PBXBuildFile; fileRef = E99EBD4C19824B50000AE890 /* XCTest.framework */; };
		E99EBD4E19824B50000AE890 /* Foundation.framework in Frameworks */ = {isa = PBXBuildFile; fileRef = E99EBD2719824B50000AE890 /* Foundation.framework */; };
		E99EBD4F19824B50000AE890 /* UIKit.framework in Frameworks */ = {isa = PBXBuildFile; fileRef = E99EBD2B19824B50000AE890 /* UIKit.framework */; };
		E99EBD5719824B50000AE890 /* InfoPlist.strings in Resources */ = {isa = PBXBuildFile; fileRef = E99EBD5519824B50000AE890 /* InfoPlist.strings */; };
		E99EBD5919824B50000AE890 /* RipOff9GagTests.m in Sources */ = {isa = PBXBuildFile; fileRef = E99EBD5819824B50000AE890 /* RipOff9GagTests.m */; };
		E9B105B019B1E30C0056717C /* FunnyPost.m in Sources */ = {isa = PBXBuildFile; fileRef = E9B105AF19B1E30C0056717C /* FunnyPost.m */; };
		E9CA9A3F19894964003F1D7D /* UserRegistrationViewController.m in Sources */ = {isa = PBXBuildFile; fileRef = E9CA9A3E19894964003F1D7D /* UserRegistrationViewController.m */; };
		E9D3861E19829150005A764B /* PostsTableViewController.m in Sources */ = {isa = PBXBuildFile; fileRef = E9D3861D19829150005A764B /* PostsTableViewController.m */; };
/* End PBXBuildFile section */

/* Begin PBXContainerItemProxy section */
		E99EBD5019824B50000AE890 /* PBXContainerItemProxy */ = {
			isa = PBXContainerItemProxy;
			containerPortal = E99EBD1C19824B50000AE890 /* Project object */;
			proxyType = 1;
			remoteGlobalIDString = E99EBD2319824B50000AE890;
			remoteInfo = RipOff9Gag;
		};
/* End PBXContainerItemProxy section */

/* Begin PBXFileReference section */
		4A139A7E9F4C4C1BB6A43332 /* Pods.xcconfig */ = {isa = PBXFileReference; includeInIndex = 1; lastKnownFileType = text.xcconfig; name = Pods.xcconfig; path = Pods/Pods.xcconfig; sourceTree = "<group>"; };
		9D326AB24E5046C39353526C /* libPods.a */ = {isa = PBXFileReference; explicitFileType = archive.ar; includeInIndex = 0; path = libPods.a; sourceTree = BUILT_PRODUCTS_DIR; };
		E9049730199536B400EBBBFE /* AddPostViewController.h */ = {isa = PBXFileReference; fileEncoding = 4; lastKnownFileType = sourcecode.c.h; path = AddPostViewController.h; sourceTree = "<group>"; };
		E9049731199536B400EBBBFE /* AddPostViewController.m */ = {isa = PBXFileReference; fileEncoding = 4; lastKnownFileType = sourcecode.c.objc; path = AddPostViewController.m; sourceTree = "<group>"; };
		E91C104A19A9880E0006289B /* GTLImage.h */ = {isa = PBXFileReference; fileEncoding = 4; lastKnownFileType = sourcecode.c.h; path = GTLImage.h; sourceTree = "<group>"; };
		E91C104B19A9880E0006289B /* GTLImageAppError.h */ = {isa = PBXFileReference; fileEncoding = 4; lastKnownFileType = sourcecode.c.h; path = GTLImageAppError.h; sourceTree = "<group>"; };
		E91C104C19A9880E0006289B /* GTLImageAppError.m */ = {isa = PBXFileReference; fileEncoding = 4; lastKnownFileType = sourcecode.c.objc; path = GTLImageAppError.m; sourceTree = "<group>"; };
		E91C104D19A9880E0006289B /* GTLImageConstants.h */ = {isa = PBXFileReference; fileEncoding = 4; lastKnownFileType = sourcecode.c.h; path = GTLImageConstants.h; sourceTree = "<group>"; };
		E91C104E19A9880E0006289B /* GTLImageConstants.m */ = {isa = PBXFileReference; fileEncoding = 4; lastKnownFileType = sourcecode.c.objc; path = GTLImageConstants.m; sourceTree = "<group>"; };
		E91C104F19A9880E0006289B /* GTLImageGetUrlRequest.h */ = {isa = PBXFileReference; fileEncoding = 4; lastKnownFileType = sourcecode.c.h; path = GTLImageGetUrlRequest.h; sourceTree = "<group>"; };
		E91C105019A9880E0006289B /* GTLImageGetUrlRequest.m */ = {isa = PBXFileReference; fileEncoding = 4; lastKnownFileType = sourcecode.c.objc; path = GTLImageGetUrlRequest.m; sourceTree = "<group>"; };
		E91C105119A9880E0006289B /* GTLImageGetUrlResponse.h */ = {isa = PBXFileReference; fileEncoding = 4; lastKnownFileType = sourcecode.c.h; path = GTLImageGetUrlResponse.h; sourceTree = "<group>"; };
		E91C105219A9880E0006289B /* GTLImageGetUrlResponse.m */ = {isa = PBXFileReference; fileEncoding = 4; lastKnownFileType = sourcecode.c.objc; path = GTLImageGetUrlResponse.m; sourceTree = "<group>"; };
		E91C105319A9880E0006289B /* GTLImageUserAuthentication.h */ = {isa = PBXFileReference; fileEncoding = 4; lastKnownFileType = sourcecode.c.h; path = GTLImageUserAuthentication.h; sourceTree = "<group>"; };
		E91C105419A9880E0006289B /* GTLImageUserAuthentication.m */ = {isa = PBXFileReference; fileEncoding = 4; lastKnownFileType = sourcecode.c.objc; path = GTLImageUserAuthentication.m; sourceTree = "<group>"; };
		E91C105519A9880E0006289B /* GTLQueryImage.h */ = {isa = PBXFileReference; fileEncoding = 4; lastKnownFileType = sourcecode.c.h; path = GTLQueryImage.h; sourceTree = "<group>"; };
		E91C105619A9880E0006289B /* GTLQueryImage.m */ = {isa = PBXFileReference; fileEncoding = 4; lastKnownFileType = sourcecode.c.objc; path = GTLQueryImage.m; sourceTree = "<group>"; };
		E91C105719A9880E0006289B /* GTLServiceImage.h */ = {isa = PBXFileReference; fileEncoding = 4; lastKnownFileType = sourcecode.c.h; path = GTLServiceImage.h; sourceTree = "<group>"; };
		E91C105819A9880E0006289B /* GTLServiceImage.m */ = {isa = PBXFileReference; fileEncoding = 4; lastKnownFileType = sourcecode.c.objc; path = GTLServiceImage.m; sourceTree = "<group>"; };
		E92E3F51198DE5150077F661 /* LoginViewController.h */ = {isa = PBXFileReference; fileEncoding = 4; lastKnownFileType = sourcecode.c.h; path = LoginViewController.h; sourceTree = "<group>"; };
		E92E3F52198DE5150077F661 /* LoginViewController.m */ = {isa = PBXFileReference; fileEncoding = 4; lastKnownFileType = sourcecode.c.objc; path = LoginViewController.m; sourceTree = "<group>"; };
		E92E3F55198E39070077F661 /* SessionManager.h */ = {isa = PBXFileReference; fileEncoding = 4; lastKnownFileType = sourcecode.c.h; path = SessionManager.h; sourceTree = "<group>"; };
		E92E3F56198E39070077F661 /* SessionManager.m */ = {isa = PBXFileReference; fileEncoding = 4; lastKnownFileType = sourcecode.c.objc; path = SessionManager.m; sourceTree = "<group>"; };
		E92E3F58198E6F370077F661 /* UserProfileDisplayViewController.h */ = {isa = PBXFileReference; fileEncoding = 4; lastKnownFileType = sourcecode.c.h; path = UserProfileDisplayViewController.h; sourceTree = "<group>"; };
		E92E3F59198E6F370077F661 /* UserProfileDisplayViewController.m */ = {isa = PBXFileReference; fileEncoding = 4; lastKnownFileType = sourcecode.c.objc; path = UserProfileDisplayViewController.m; sourceTree = "<group>"; };
		E9370A93199BBC4A00F7E6C7 /* PostTableViewCell.h */ = {isa = PBXFileReference; fileEncoding = 4; lastKnownFileType = sourcecode.c.h; path = PostTableViewCell.h; sourceTree = "<group>"; };
		E9370A94199BBC4A00F7E6C7 /* PostTableViewCell.m */ = {isa = PBXFileReference; fileEncoding = 4; lastKnownFileType = sourcecode.c.objc; path = PostTableViewCell.m; sourceTree = "<group>"; };
		E9370A97199BBDAD00F7E6C7 /* Model.xcdatamodel */ = {isa = PBXFileReference; lastKnownFileType = wrapper.xcdatamodel; path = Model.xcdatamodel; sourceTree = "<group>"; };
		E9370A99199BBE8300F7E6C7 /* DataManager.h */ = {isa = PBXFileReference; fileEncoding = 4; lastKnownFileType = sourcecode.c.h; path = DataManager.h; sourceTree = "<group>"; };
		E9370A9A199BBE8300F7E6C7 /* DataManager.m */ = {isa = PBXFileReference; fileEncoding = 4; lastKnownFileType = sourcecode.c.objc; path = DataManager.m; sourceTree = "<group>"; };
		E9370A9C199BBEAB00F7E6C7 /* CoreData.framework */ = {isa = PBXFileReference; lastKnownFileType = wrapper.framework; name = CoreData.framework; path = System/Library/Frameworks/CoreData.framework; sourceTree = SDKROOT; };
		E9370AAB199BC68E00F7E6C7 /* AsyncImageDownloader.h */ = {isa = PBXFileReference; fileEncoding = 4; lastKnownFileType = sourcecode.c.h; path = AsyncImageDownloader.h; sourceTree = "<group>"; };
		E9370AAC199BC68E00F7E6C7 /* AsyncImageDownloader.m */ = {isa = PBXFileReference; fileEncoding = 4; lastKnownFileType = sourcecode.c.objc; path = AsyncImageDownloader.m; sourceTree = "<group>"; };
		E939672619A622E10059806F /* GTLPost.h */ = {isa = PBXFileReference; fileEncoding = 4; lastKnownFileType = sourcecode.c.h; path = GTLPost.h; sourceTree = "<group>"; };
		E939672719A622E10059806F /* GTLPostConstants.h */ = {isa = PBXFileReference; fileEncoding = 4; lastKnownFileType = sourcecode.c.h; path = GTLPostConstants.h; sourceTree = "<group>"; };
		E939672819A622E10059806F /* GTLPostConstants.m */ = {isa = PBXFileReference; fileEncoding = 4; lastKnownFileType = sourcecode.c.objc; path = GTLPostConstants.m; sourceTree = "<group>"; };
		E939672919A622E10059806F /* GTLPostUserAccount.h */ = {isa = PBXFileReference; fileEncoding = 4; lastKnownFileType = sourcecode.c.h; path = GTLPostUserAccount.h; sourceTree = "<group>"; };
		E939672A19A622E10059806F /* GTLPostUserAccount.m */ = {isa = PBXFileReference; fileEncoding = 4; lastKnownFileType = sourcecode.c.objc; path = GTLPostUserAccount.m; sourceTree = "<group>"; };
		E939672B19A622E10059806F /* GTLPostUserAuthentication.h */ = {isa = PBXFileReference; fileEncoding = 4; lastKnownFileType = sourcecode.c.h; path = GTLPostUserAuthentication.h; sourceTree = "<group>"; };
		E939672C19A622E10059806F /* GTLPostUserAuthentication.m */ = {isa = PBXFileReference; fileEncoding = 4; lastKnownFileType = sourcecode.c.objc; path = GTLPostUserAuthentication.m; sourceTree = "<group>"; };
		E939672D19A622E10059806F /* GTLPostUserPost.h */ = {isa = PBXFileReference; fileEncoding = 4; lastKnownFileType = sourcecode.c.h; path = GTLPostUserPost.h; sourceTree = "<group>"; };
		E939672E19A622E10059806F /* GTLPostUserPost.m */ = {isa = PBXFileReference; fileEncoding = 4; lastKnownFileType = sourcecode.c.objc; path = GTLPostUserPost.m; sourceTree = "<group>"; };
		E939672F19A622E10059806F /* GTLPostUserPostCreateRequest.h */ = {isa = PBXFileReference; fileEncoding = 4; lastKnownFileType = sourcecode.c.h; path = GTLPostUserPostCreateRequest.h; sourceTree = "<group>"; };
		E939673019A622E10059806F /* GTLPostUserPostCreateRequest.m */ = {isa = PBXFileReference; fileEncoding = 4; lastKnownFileType = sourcecode.c.objc; path = GTLPostUserPostCreateRequest.m; sourceTree = "<group>"; };
		E939673119A622E10059806F /* GTLPostUserPostCreateResponse.h */ = {isa = PBXFileReference; fileEncoding = 4; lastKnownFileType = sourcecode.c.h; path = GTLPostUserPostCreateResponse.h; sourceTree = "<group>"; };
		E939673219A622E10059806F /* GTLPostUserPostCreateResponse.m */ = {isa = PBXFileReference; fileEncoding = 4; lastKnownFileType = sourcecode.c.objc; path = GTLPostUserPostCreateResponse.m; sourceTree = "<group>"; };
		E939673319A622E10059806F /* GTLPostUserPostListRequest.h */ = {isa = PBXFileReference; fileEncoding = 4; lastKnownFileType = sourcecode.c.h; path = GTLPostUserPostListRequest.h; sourceTree = "<group>"; };
		E939673419A622E10059806F /* GTLPostUserPostListRequest.m */ = {isa = PBXFileReference; fileEncoding = 4; lastKnownFileType = sourcecode.c.objc; path = GTLPostUserPostListRequest.m; sourceTree = "<group>"; };
		E939673519A622E10059806F /* GTLPostUserPostListResponse.h */ = {isa = PBXFileReference; fileEncoding = 4; lastKnownFileType = sourcecode.c.h; path = GTLPostUserPostListResponse.h; sourceTree = "<group>"; };
		E939673619A622E10059806F /* GTLPostUserPostListResponse.m */ = {isa = PBXFileReference; fileEncoding = 4; lastKnownFileType = sourcecode.c.objc; path = GTLPostUserPostListResponse.m; sourceTree = "<group>"; };
		E939673719A622E10059806F /* GTLQueryPost.h */ = {isa = PBXFileReference; fileEncoding = 4; lastKnownFileType = sourcecode.c.h; path = GTLQueryPost.h; sourceTree = "<group>"; };
		E939673819A622E10059806F /* GTLQueryPost.m */ = {isa = PBXFileReference; fileEncoding = 4; lastKnownFileType = sourcecode.c.objc; path = GTLQueryPost.m; sourceTree = "<group>"; };
		E939673919A622E10059806F /* GTLServicePost.h */ = {isa = PBXFileReference; fileEncoding = 4; lastKnownFileType = sourcecode.c.h; path = GTLServicePost.h; sourceTree = "<group>"; };
		E939673A19A622E10059806F /* GTLServicePost.m */ = {isa = PBXFileReference; fileEncoding = 4; lastKnownFileType = sourcecode.c.objc; path = GTLServicePost.m; sourceTree = "<group>"; };
		E939675B19A623510059806F /* GTLQueryUser.h */ = {isa = PBXFileReference; fileEncoding = 4; lastKnownFileType = sourcecode.c.h; path = GTLQueryUser.h; sourceTree = "<group>"; };
		E939675C19A623510059806F /* GTLQueryUser.m */ = {isa = PBXFileReference; fileEncoding = 4; lastKnownFileType = sourcecode.c.objc; path = GTLQueryUser.m; sourceTree = "<group>"; };
		E939675D19A623510059806F /* GTLServiceUser.h */ = {isa = PBXFileReference; fileEncoding = 4; lastKnownFileType = sourcecode.c.h; path = GTLServiceUser.h; sourceTree = "<group>"; };
		E939675E19A623510059806F /* GTLServiceUser.m */ = {isa = PBXFileReference; fileEncoding = 4; lastKnownFileType = sourcecode.c.objc; path = GTLServiceUser.m; sourceTree = "<group>"; };
		E939675F19A623510059806F /* GTLUser.h */ = {isa = PBXFileReference; fileEncoding = 4; lastKnownFileType = sourcecode.c.h; path = GTLUser.h; sourceTree = "<group>"; };
		E939676019A623510059806F /* GTLUserAppError.h */ = {isa = PBXFileReference; fileEncoding = 4; lastKnownFileType = sourcecode.c.h; path = GTLUserAppError.h; sourceTree = "<group>"; };
		E939676119A623510059806F /* GTLUserAppError.m */ = {isa = PBXFileReference; fileEncoding = 4; lastKnownFileType = sourcecode.c.objc; path = GTLUserAppError.m; sourceTree = "<group>"; };
		E939676219A623510059806F /* GTLUserConstants.h */ = {isa = PBXFileReference; fileEncoding = 4; lastKnownFileType = sourcecode.c.h; path = GTLUserConstants.h; sourceTree = "<group>"; };
		E939676319A623510059806F /* GTLUserConstants.m */ = {isa = PBXFileReference; fileEncoding = 4; lastKnownFileType = sourcecode.c.objc; path = GTLUserConstants.m; sourceTree = "<group>"; };
		E939676419A623510059806F /* GTLUserLoginRequest.h */ = {isa = PBXFileReference; fileEncoding = 4; lastKnownFileType = sourcecode.c.h; path = GTLUserLoginRequest.h; sourceTree = "<group>"; };
		E939676519A623510059806F /* GTLUserLoginRequest.m */ = {isa = PBXFileReference; fileEncoding = 4; lastKnownFileType = sourcecode.c.objc; path = GTLUserLoginRequest.m; sourceTree = "<group>"; };
		E939676619A623510059806F /* GTLUserLoginResponse.h */ = {isa = PBXFileReference; fileEncoding = 4; lastKnownFileType = sourcecode.c.h; path = GTLUserLoginResponse.h; sourceTree = "<group>"; };
		E939676719A623510059806F /* GTLUserLoginResponse.m */ = {isa = PBXFileReference; fileEncoding = 4; lastKnownFileType = sourcecode.c.objc; path = GTLUserLoginResponse.m; sourceTree = "<group>"; };
		E939676819A623510059806F /* GTLUserRegistrationRequest.h */ = {isa = PBXFileReference; fileEncoding = 4; lastKnownFileType = sourcecode.c.h; path = GTLUserRegistrationRequest.h; sourceTree = "<group>"; };
		E939676919A623510059806F /* GTLUserRegistrationRequest.m */ = {isa = PBXFileReference; fileEncoding = 4; lastKnownFileType = sourcecode.c.objc; path = GTLUserRegistrationRequest.m; sourceTree = "<group>"; };
		E939676A19A623510059806F /* GTLUserRegistrationResponse.h */ = {isa = PBXFileReference; fileEncoding = 4; lastKnownFileType = sourcecode.c.h; path = GTLUserRegistrationResponse.h; sourceTree = "<group>"; };
		E939676B19A623510059806F /* GTLUserRegistrationResponse.m */ = {isa = PBXFileReference; fileEncoding = 4; lastKnownFileType = sourcecode.c.objc; path = GTLUserRegistrationResponse.m; sourceTree = "<group>"; };
		E939677419A6237B0059806F /* GTLQueryReaction.h */ = {isa = PBXFileReference; fileEncoding = 4; lastKnownFileType = sourcecode.c.h; path = GTLQueryReaction.h; sourceTree = "<group>"; };
		E939677519A6237B0059806F /* GTLQueryReaction.m */ = {isa = PBXFileReference; fileEncoding = 4; lastKnownFileType = sourcecode.c.objc; path = GTLQueryReaction.m; sourceTree = "<group>"; };
		E939677619A6237B0059806F /* GTLReaction.h */ = {isa = PBXFileReference; fileEncoding = 4; lastKnownFileType = sourcecode.c.h; path = GTLReaction.h; sourceTree = "<group>"; };
		E939677719A6237B0059806F /* GTLReactionCommentCreateRequest.h */ = {isa = PBXFileReference; fileEncoding = 4; lastKnownFileType = sourcecode.c.h; path = GTLReactionCommentCreateRequest.h; sourceTree = "<group>"; };
		E939677819A6237B0059806F /* GTLReactionCommentCreateRequest.m */ = {isa = PBXFileReference; fileEncoding = 4; lastKnownFileType = sourcecode.c.objc; path = GTLReactionCommentCreateRequest.m; sourceTree = "<group>"; };
		E939677919A6237B0059806F /* GTLReactionCommentCreateResponse.h */ = {isa = PBXFileReference; fileEncoding = 4; lastKnownFileType = sourcecode.c.h; path = GTLReactionCommentCreateResponse.h; sourceTree = "<group>"; };
		E939677A19A6237B0059806F /* GTLReactionCommentCreateResponse.m */ = {isa = PBXFileReference; fileEncoding = 4; lastKnownFileType = sourcecode.c.objc; path = GTLReactionCommentCreateResponse.m; sourceTree = "<group>"; };
		E939677B19A6237B0059806F /* GTLReactionCommentListRequest.h */ = {isa = PBXFileReference; fileEncoding = 4; lastKnownFileType = sourcecode.c.h; path = GTLReactionCommentListRequest.h; sourceTree = "<group>"; };
		E939677C19A6237B0059806F /* GTLReactionCommentListRequest.m */ = {isa = PBXFileReference; fileEncoding = 4; lastKnownFileType = sourcecode.c.objc; path = GTLReactionCommentListRequest.m; sourceTree = "<group>"; };
		E939677D19A6237B0059806F /* GTLReactionCommentListResponse.h */ = {isa = PBXFileReference; fileEncoding = 4; lastKnownFileType = sourcecode.c.h; path = GTLReactionCommentListResponse.h; sourceTree = "<group>"; };
		E939677E19A6237B0059806F /* GTLReactionCommentListResponse.m */ = {isa = PBXFileReference; fileEncoding = 4; lastKnownFileType = sourcecode.c.objc; path = GTLReactionCommentListResponse.m; sourceTree = "<group>"; };
		E939677F19A6237B0059806F /* GTLReactionComments.h */ = {isa = PBXFileReference; fileEncoding = 4; lastKnownFileType = sourcecode.c.h; path = GTLReactionComments.h; sourceTree = "<group>"; };
		E939678019A6237B0059806F /* GTLReactionComments.m */ = {isa = PBXFileReference; fileEncoding = 4; lastKnownFileType = sourcecode.c.objc; path = GTLReactionComments.m; sourceTree = "<group>"; };
		E939678119A6237B0059806F /* GTLReactionConstants.h */ = {isa = PBXFileReference; fileEncoding = 4; lastKnownFileType = sourcecode.c.h; path = GTLReactionConstants.h; sourceTree = "<group>"; };
		E939678219A6237B0059806F /* GTLReactionConstants.m */ = {isa = PBXFileReference; fileEncoding = 4; lastKnownFileType = sourcecode.c.objc; path = GTLReactionConstants.m; sourceTree = "<group>"; };
		E939678319A6237B0059806F /* GTLReactionVoteRequest.h */ = {isa = PBXFileReference; fileEncoding = 4; lastKnownFileType = sourcecode.c.h; path = GTLReactionVoteRequest.h; sourceTree = "<group>"; };
		E939678419A6237B0059806F /* GTLReactionVoteRequest.m */ = {isa = PBXFileReference; fileEncoding = 4; lastKnownFileType = sourcecode.c.objc; path = GTLReactionVoteRequest.m; sourceTree = "<group>"; };
		E939678519A6237B0059806F /* GTLReactionVoteResponse.h */ = {isa = PBXFileReference; fileEncoding = 4; lastKnownFileType = sourcecode.c.h; path = GTLReactionVoteResponse.h; sourceTree = "<group>"; };
		E939678619A6237B0059806F /* GTLReactionVoteResponse.m */ = {isa = PBXFileReference; fileEncoding = 4; lastKnownFileType = sourcecode.c.objc; path = GTLReactionVoteResponse.m; sourceTree = "<group>"; };
		E939678719A6237B0059806F /* GTLServiceReaction.h */ = {isa = PBXFileReference; fileEncoding = 4; lastKnownFileType = sourcecode.c.h; path = GTLServiceReaction.h; sourceTree = "<group>"; };
		E939678819A6237B0059806F /* GTLServiceReaction.m */ = {isa = PBXFileReference; fileEncoding = 4; lastKnownFileType = sourcecode.c.objc; path = GTLServiceReaction.m; sourceTree = "<group>"; };
		E93E3BAA19878F2100056E0A /* GTLObject.h */ = {isa = PBXFileReference; fileEncoding = 4; lastKnownFileType = sourcecode.c.h; path = GTLObject.h; sourceTree = "<group>"; };
		E93E3BAB19878F2100056E0A /* GTLObject.m */ = {isa = PBXFileReference; fileEncoding = 4; lastKnownFileType = sourcecode.c.objc; path = GTLObject.m; sourceTree = "<group>"; };
		E93E3BAC19878F2100056E0A /* GTLQuery.h */ = {isa = PBXFileReference; fileEncoding = 4; lastKnownFileType = sourcecode.c.h; path = GTLQuery.h; sourceTree = "<group>"; };
		E93E3BAD19878F2100056E0A /* GTLQuery.m */ = {isa = PBXFileReference; fileEncoding = 4; lastKnownFileType = sourcecode.c.objc; path = GTLQuery.m; sourceTree = "<group>"; };
		E93E3BAE19878F2100056E0A /* GTLBatchQuery.h */ = {isa = PBXFileReference; fileEncoding = 4; lastKnownFileType = sourcecode.c.h; path = GTLBatchQuery.h; sourceTree = "<group>"; };
		E93E3BAF19878F2100056E0A /* GTLBatchQuery.m */ = {isa = PBXFileReference; fileEncoding = 4; lastKnownFileType = sourcecode.c.objc; path = GTLBatchQuery.m; sourceTree = "<group>"; };
		E93E3BB019878F2100056E0A /* GTLService.h */ = {isa = PBXFileReference; fileEncoding = 4; lastKnownFileType = sourcecode.c.h; path = GTLService.h; sourceTree = "<group>"; };
		E93E3BB119878F2100056E0A /* GTLService.m */ = {isa = PBXFileReference; fileEncoding = 4; lastKnownFileType = sourcecode.c.objc; path = GTLService.m; sourceTree = "<group>"; };
		E93E3BB219878F2100056E0A /* GTLBatchResult.h */ = {isa = PBXFileReference; fileEncoding = 4; lastKnownFileType = sourcecode.c.h; path = GTLBatchResult.h; sourceTree = "<group>"; };
		E93E3BB319878F2100056E0A /* GTLBatchResult.m */ = {isa = PBXFileReference; fileEncoding = 4; lastKnownFileType = sourcecode.c.objc; path = GTLBatchResult.m; sourceTree = "<group>"; };
		E93E3BB419878F2100056E0A /* GTLUploadParameters.h */ = {isa = PBXFileReference; fileEncoding = 4; lastKnownFileType = sourcecode.c.h; path = GTLUploadParameters.h; sourceTree = "<group>"; };
		E93E3BB519878F2100056E0A /* GTLUploadParameters.m */ = {isa = PBXFileReference; fileEncoding = 4; lastKnownFileType = sourcecode.c.objc; path = GTLUploadParameters.m; sourceTree = "<group>"; };
		E93E3BB619878F2100056E0A /* GTLDateTime.h */ = {isa = PBXFileReference; fileEncoding = 4; lastKnownFileType = sourcecode.c.h; path = GTLDateTime.h; sourceTree = "<group>"; };
		E93E3BB719878F2100056E0A /* GTLDateTime.m */ = {isa = PBXFileReference; fileEncoding = 4; lastKnownFileType = sourcecode.c.objc; path = GTLDateTime.m; sourceTree = "<group>"; };
		E93E3BB819878F2100056E0A /* GTLErrorObject.h */ = {isa = PBXFileReference; fileEncoding = 4; lastKnownFileType = sourcecode.c.h; path = GTLErrorObject.h; sourceTree = "<group>"; };
		E93E3BB919878F2100056E0A /* GTLErrorObject.m */ = {isa = PBXFileReference; fileEncoding = 4; lastKnownFileType = sourcecode.c.objc; path = GTLErrorObject.m; sourceTree = "<group>"; };
		E93E3BBA19878F2100056E0A /* GTLRuntimeCommon.h */ = {isa = PBXFileReference; fileEncoding = 4; lastKnownFileType = sourcecode.c.h; path = GTLRuntimeCommon.h; sourceTree = "<group>"; };
		E93E3BBB19878F2100056E0A /* GTLRuntimeCommon.m */ = {isa = PBXFileReference; fileEncoding = 4; lastKnownFileType = sourcecode.c.objc; path = GTLRuntimeCommon.m; sourceTree = "<group>"; };
		E93E3BC619878F3C00056E0A /* GTMOAuth2Authentication.h */ = {isa = PBXFileReference; fileEncoding = 4; lastKnownFileType = sourcecode.c.h; path = GTMOAuth2Authentication.h; sourceTree = "<group>"; };
		E93E3BC719878F3C00056E0A /* GTMOAuth2Authentication.m */ = {isa = PBXFileReference; fileEncoding = 4; lastKnownFileType = sourcecode.c.objc; path = GTMOAuth2Authentication.m; sourceTree = "<group>"; };
		E93E3BC819878F3C00056E0A /* GTMOAuth2SignIn.h */ = {isa = PBXFileReference; fileEncoding = 4; lastKnownFileType = sourcecode.c.h; path = GTMOAuth2SignIn.h; sourceTree = "<group>"; };
		E93E3BC919878F3C00056E0A /* GTMOAuth2SignIn.m */ = {isa = PBXFileReference; fileEncoding = 4; lastKnownFileType = sourcecode.c.objc; path = GTMOAuth2SignIn.m; sourceTree = "<group>"; };
		E93E3BCD19878F5B00056E0A /* GTMOAuth2ViewControllerTouch.h */ = {isa = PBXFileReference; fileEncoding = 4; lastKnownFileType = sourcecode.c.h; path = GTMOAuth2ViewControllerTouch.h; sourceTree = "<group>"; };
		E93E3BCE19878F5B00056E0A /* GTMOAuth2ViewControllerTouch.m */ = {isa = PBXFileReference; fileEncoding = 4; lastKnownFileType = sourcecode.c.objc; path = GTMOAuth2ViewControllerTouch.m; sourceTree = "<group>"; };
		E93E3BCF19878F5B00056E0A /* GTMOAuth2ViewTouch.xib */ = {isa = PBXFileReference; fileEncoding = 4; lastKnownFileType = file.xib; path = GTMOAuth2ViewTouch.xib; sourceTree = "<group>"; };
		E93E3BD319878F7B00056E0A /* GTMHTTPFetcherService.h */ = {isa = PBXFileReference; fileEncoding = 4; lastKnownFileType = sourcecode.c.h; path = GTMHTTPFetcherService.h; sourceTree = "<group>"; };
		E93E3BD419878F7B00056E0A /* GTMHTTPFetcherService.m */ = {isa = PBXFileReference; fileEncoding = 4; lastKnownFileType = sourcecode.c.objc; path = GTMHTTPFetcherService.m; sourceTree = "<group>"; };
		E93E3BD519878F7B00056E0A /* GTMHTTPFetcher.h */ = {isa = PBXFileReference; fileEncoding = 4; lastKnownFileType = sourcecode.c.h; path = GTMHTTPFetcher.h; sourceTree = "<group>"; };
		E93E3BD619878F7B00056E0A /* GTMHTTPFetcher.m */ = {isa = PBXFileReference; fileEncoding = 4; lastKnownFileType = sourcecode.c.objc; path = GTMHTTPFetcher.m; sourceTree = "<group>"; };
		E93E3BD719878F7B00056E0A /* GTMHTTPFetcherLogging.h */ = {isa = PBXFileReference; fileEncoding = 4; lastKnownFileType = sourcecode.c.h; path = GTMHTTPFetcherLogging.h; sourceTree = "<group>"; };
		E93E3BD819878F7B00056E0A /* GTMHTTPFetcherLogging.m */ = {isa = PBXFileReference; fileEncoding = 4; lastKnownFileType = sourcecode.c.objc; path = GTMHTTPFetcherLogging.m; sourceTree = "<group>"; };
		E93E3BD919878F7B00056E0A /* GTMHTTPFetchHistory.h */ = {isa = PBXFileReference; fileEncoding = 4; lastKnownFileType = sourcecode.c.h; path = GTMHTTPFetchHistory.h; sourceTree = "<group>"; };
		E93E3BDA19878F7B00056E0A /* GTMHTTPFetchHistory.m */ = {isa = PBXFileReference; fileEncoding = 4; lastKnownFileType = sourcecode.c.objc; path = GTMHTTPFetchHistory.m; sourceTree = "<group>"; };
		E93E3BDB19878F7B00056E0A /* GTMHTTPUploadFetcher.h */ = {isa = PBXFileReference; fileEncoding = 4; lastKnownFileType = sourcecode.c.h; path = GTMHTTPUploadFetcher.h; sourceTree = "<group>"; };
		E93E3BDC19878F7B00056E0A /* GTMHTTPUploadFetcher.m */ = {isa = PBXFileReference; fileEncoding = 4; lastKnownFileType = sourcecode.c.objc; path = GTMHTTPUploadFetcher.m; sourceTree = "<group>"; };
		E93E3BDD19878F7B00056E0A /* GTMGatherInputStream.h */ = {isa = PBXFileReference; fileEncoding = 4; lastKnownFileType = sourcecode.c.h; path = GTMGatherInputStream.h; sourceTree = "<group>"; };
		E93E3BDE19878F7B00056E0A /* GTMGatherInputStream.m */ = {isa = PBXFileReference; fileEncoding = 4; lastKnownFileType = sourcecode.c.objc; path = GTMGatherInputStream.m; sourceTree = "<group>"; };
		E93E3BDF19878F7B00056E0A /* GTMMIMEDocument.h */ = {isa = PBXFileReference; fileEncoding = 4; lastKnownFileType = sourcecode.c.h; path = GTMMIMEDocument.h; sourceTree = "<group>"; };
		E93E3BE019878F7B00056E0A /* GTMMIMEDocument.m */ = {isa = PBXFileReference; fileEncoding = 4; lastKnownFileType = sourcecode.c.objc; path = GTMMIMEDocument.m; sourceTree = "<group>"; };
		E93E3BE119878F7B00056E0A /* GTMReadMonitorInputStream.h */ = {isa = PBXFileReference; fileEncoding = 4; lastKnownFileType = sourcecode.c.h; path = GTMReadMonitorInputStream.h; sourceTree = "<group>"; };
		E93E3BE219878F7B00056E0A /* GTMReadMonitorInputStream.m */ = {isa = PBXFileReference; fileEncoding = 4; lastKnownFileType = sourcecode.c.objc; path = GTMReadMonitorInputStream.m; sourceTree = "<group>"; };
		E93E3BEB19878F8F00056E0A /* GTLDefines.h */ = {isa = PBXFileReference; lastKnownFileType = sourcecode.c.h; path = GTLDefines.h; sourceTree = "<group>"; };
		E93E3BED19878FA400056E0A /* GTLFramework.h */ = {isa = PBXFileReference; fileEncoding = 4; lastKnownFileType = sourcecode.c.h; path = GTLFramework.h; sourceTree = "<group>"; };
		E93E3BEE19878FA400056E0A /* GTLFramework.m */ = {isa = PBXFileReference; fileEncoding = 4; lastKnownFileType = sourcecode.c.objc; path = GTLFramework.m; sourceTree = "<group>"; };
		E93E3BEF19878FA400056E0A /* GTLJSONParser.h */ = {isa = PBXFileReference; fileEncoding = 4; lastKnownFileType = sourcecode.c.h; path = GTLJSONParser.h; sourceTree = "<group>"; };
		E93E3BF019878FA400056E0A /* GTLJSONParser.m */ = {isa = PBXFileReference; fileEncoding = 4; lastKnownFileType = sourcecode.c.objc; path = GTLJSONParser.m; sourceTree = "<group>"; };
		E93E3BF119878FA400056E0A /* GTLTargetNamespace.h */ = {isa = PBXFileReference; fileEncoding = 4; lastKnownFileType = sourcecode.c.h; path = GTLTargetNamespace.h; sourceTree = "<group>"; };
		E93E3BF219878FA400056E0A /* GTLUtilities.h */ = {isa = PBXFileReference; fileEncoding = 4; lastKnownFileType = sourcecode.c.h; path = GTLUtilities.h; sourceTree = "<group>"; };
		E93E3BF319878FA400056E0A /* GTLUtilities.m */ = {isa = PBXFileReference; fileEncoding = 4; lastKnownFileType = sourcecode.c.objc; path = GTLUtilities.m; sourceTree = "<group>"; };
		E93E3BF419878FA400056E0A /* GTLBase64.h */ = {isa = PBXFileReference; fileEncoding = 4; lastKnownFileType = sourcecode.c.h; path = GTLBase64.h; sourceTree = "<group>"; };
		E93E3BF519878FA400056E0A /* GTLBase64.m */ = {isa = PBXFileReference; fileEncoding = 4; lastKnownFileType = sourcecode.c.objc; path = GTLBase64.m; sourceTree = "<group>"; };
		E94621861987F08A002DFB71 /* DummyViewController.h */ = {isa = PBXFileReference; fileEncoding = 4; lastKnownFileType = sourcecode.c.h; path = DummyViewController.h; sourceTree = "<group>"; };
		E94621871987F08A002DFB71 /* DummyViewController.m */ = {isa = PBXFileReference; fileEncoding = 4; lastKnownFileType = sourcecode.c.objc; path = DummyViewController.m; sourceTree = "<group>"; };
		E9568CB8198A89C600FDA6E9 /* UserProfileViewController.h */ = {isa = PBXFileReference; fileEncoding = 4; lastKnownFileType = sourcecode.c.h; path = UserProfileViewController.h; sourceTree = "<group>"; };
		E9568CB9198A89C600FDA6E9 /* UserProfileViewController.m */ = {isa = PBXFileReference; fileEncoding = 4; lastKnownFileType = sourcecode.c.objc; path = UserProfileViewController.m; sourceTree = "<group>"; };
		E9568CBB198A8A2800FDA6E9 /* constants.h */ = {isa = PBXFileReference; lastKnownFileType = sourcecode.c.h; path = constants.h; sourceTree = "<group>"; };
		E99EBD2419824B50000AE890 /* RipOff9Gag.app */ = {isa = PBXFileReference; explicitFileType = wrapper.application; includeInIndex = 0; path = RipOff9Gag.app; sourceTree = BUILT_PRODUCTS_DIR; };
		E99EBD2719824B50000AE890 /* Foundation.framework */ = {isa = PBXFileReference; lastKnownFileType = wrapper.framework; name = Foundation.framework; path = System/Library/Frameworks/Foundation.framework; sourceTree = SDKROOT; };
		E99EBD2919824B50000AE890 /* CoreGraphics.framework */ = {isa = PBXFileReference; lastKnownFileType = wrapper.framework; name = CoreGraphics.framework; path = System/Library/Frameworks/CoreGraphics.framework; sourceTree = SDKROOT; };
		E99EBD2B19824B50000AE890 /* UIKit.framework */ = {isa = PBXFileReference; lastKnownFileType = wrapper.framework; name = UIKit.framework; path = System/Library/Frameworks/UIKit.framework; sourceTree = SDKROOT; };
		E99EBD2F19824B50000AE890 /* RipOff9Gag-Info.plist */ = {isa = PBXFileReference; lastKnownFileType = text.plist.xml; path = "RipOff9Gag-Info.plist"; sourceTree = "<group>"; };
		E99EBD3119824B50000AE890 /* en */ = {isa = PBXFileReference; lastKnownFileType = text.plist.strings; name = en; path = en.lproj/InfoPlist.strings; sourceTree = "<group>"; };
		E99EBD3319824B50000AE890 /* main.m */ = {isa = PBXFileReference; lastKnownFileType = sourcecode.c.objc; path = main.m; sourceTree = "<group>"; };
		E99EBD3519824B50000AE890 /* RipOff9Gag-Prefix.pch */ = {isa = PBXFileReference; lastKnownFileType = sourcecode.c.h; path = "RipOff9Gag-Prefix.pch"; sourceTree = "<group>"; };
		E99EBD3619824B50000AE890 /* AppDelegate.h */ = {isa = PBXFileReference; lastKnownFileType = sourcecode.c.h; path = AppDelegate.h; sourceTree = "<group>"; };
		E99EBD3719824B50000AE890 /* AppDelegate.m */ = {isa = PBXFileReference; lastKnownFileType = sourcecode.c.objc; path = AppDelegate.m; sourceTree = "<group>"; };
		E99EBD3A19824B50000AE890 /* Base */ = {isa = PBXFileReference; lastKnownFileType = file.storyboard; name = Base; path = Base.lproj/Main_iPhone.storyboard; sourceTree = "<group>"; };
		E99EBD3D19824B50000AE890 /* Base */ = {isa = PBXFileReference; lastKnownFileType = file.storyboard; name = Base; path = Base.lproj/Main_iPad.storyboard; sourceTree = "<group>"; };
		E99EBD4519824B50000AE890 /* Images.xcassets */ = {isa = PBXFileReference; lastKnownFileType = folder.assetcatalog; path = Images.xcassets; sourceTree = "<group>"; };
		E99EBD4B19824B50000AE890 /* RipOff9GagTests.xctest */ = {isa = PBXFileReference; explicitFileType = wrapper.cfbundle; includeInIndex = 0; path = RipOff9GagTests.xctest; sourceTree = BUILT_PRODUCTS_DIR; };
		E99EBD4C19824B50000AE890 /* XCTest.framework */ = {isa = PBXFileReference; lastKnownFileType = wrapper.framework; name = XCTest.framework; path = Library/Frameworks/XCTest.framework; sourceTree = DEVELOPER_DIR; };
		E99EBD5419824B50000AE890 /* RipOff9GagTests-Info.plist */ = {isa = PBXFileReference; lastKnownFileType = text.plist.xml; path = "RipOff9GagTests-Info.plist"; sourceTree = "<group>"; };
		E99EBD5619824B50000AE890 /* en */ = {isa = PBXFileReference; lastKnownFileType = text.plist.strings; name = en; path = en.lproj/InfoPlist.strings; sourceTree = "<group>"; };
		E99EBD5819824B50000AE890 /* RipOff9GagTests.m */ = {isa = PBXFileReference; lastKnownFileType = sourcecode.c.objc; path = RipOff9GagTests.m; sourceTree = "<group>"; };
		E9B105AE19B1E30C0056717C /* FunnyPost.h */ = {isa = PBXFileReference; fileEncoding = 4; lastKnownFileType = sourcecode.c.h; path = FunnyPost.h; sourceTree = "<group>"; };
		E9B105AF19B1E30C0056717C /* FunnyPost.m */ = {isa = PBXFileReference; fileEncoding = 4; lastKnownFileType = sourcecode.c.objc; path = FunnyPost.m; sourceTree = "<group>"; };
		E9CA9A3D19894964003F1D7D /* UserRegistrationViewController.h */ = {isa = PBXFileReference; fileEncoding = 4; lastKnownFileType = sourcecode.c.h; path = UserRegistrationViewController.h; sourceTree = "<group>"; };
		E9CA9A3E19894964003F1D7D /* UserRegistrationViewController.m */ = {isa = PBXFileReference; fileEncoding = 4; lastKnownFileType = sourcecode.c.objc; path = UserRegistrationViewController.m; sourceTree = "<group>"; };
		E9D3861C19829150005A764B /* PostsTableViewController.h */ = {isa = PBXFileReference; fileEncoding = 4; lastKnownFileType = sourcecode.c.h; path = PostsTableViewController.h; sourceTree = "<group>"; };
		E9D3861D19829150005A764B /* PostsTableViewController.m */ = {isa = PBXFileReference; fileEncoding = 4; lastKnownFileType = sourcecode.c.objc; path = PostsTableViewController.m; sourceTree = "<group>"; };
/* End PBXFileReference section */

/* Begin PBXFrameworksBuildPhase section */
		E99EBD2119824B50000AE890 /* Frameworks */ = {
			isa = PBXFrameworksBuildPhase;
			buildActionMask = 2147483647;
			files = (
				E9370A9D199BBEAB00F7E6C7 /* CoreData.framework in Frameworks */,
				E99EBD2A19824B50000AE890 /* CoreGraphics.framework in Frameworks */,
				E99EBD2C19824B50000AE890 /* UIKit.framework in Frameworks */,
				E99EBD2819824B50000AE890 /* Foundation.framework in Frameworks */,
				29822DC3041E468BA35CF4E5 /* libPods.a in Frameworks */,
			);
			runOnlyForDeploymentPostprocessing = 0;
		};
		E99EBD4819824B50000AE890 /* Frameworks */ = {
			isa = PBXFrameworksBuildPhase;
			buildActionMask = 2147483647;
			files = (
				E99EBD4D19824B50000AE890 /* XCTest.framework in Frameworks */,
				E99EBD4F19824B50000AE890 /* UIKit.framework in Frameworks */,
				E99EBD4E19824B50000AE890 /* Foundation.framework in Frameworks */,
			);
			runOnlyForDeploymentPostprocessing = 0;
		};
/* End PBXFrameworksBuildPhase section */

/* Begin PBXGroup section */
		E92E3F54198E38B20077F661 /* Utils */ = {
			isa = PBXGroup;
			children = (
				E9370AAB199BC68E00F7E6C7 /* AsyncImageDownloader.h */,
				E9370AAC199BC68E00F7E6C7 /* AsyncImageDownloader.m */,
				E9370A99199BBE8300F7E6C7 /* DataManager.h */,
				E9370A9A199BBE8300F7E6C7 /* DataManager.m */,
				E92E3F55198E39070077F661 /* SessionManager.h */,
				E92E3F56198E39070077F661 /* SessionManager.m */,
			);
			path = Utils;
			sourceTree = "<group>";
		};
		E92E3F5B198E72D10077F661 /* Profile */ = {
			isa = PBXGroup;
			children = (
				E9568CB8198A89C600FDA6E9 /* UserProfileViewController.h */,
				E9568CB9198A89C600FDA6E9 /* UserProfileViewController.m */,
				E92E3F58198E6F370077F661 /* UserProfileDisplayViewController.h */,
				E92E3F59198E6F370077F661 /* UserProfileDisplayViewController.m */,
				E9CA9A3D19894964003F1D7D /* UserRegistrationViewController.h */,
				E9CA9A3E19894964003F1D7D /* UserRegistrationViewController.m */,
				E92E3F51198DE5150077F661 /* LoginViewController.h */,
				E92E3F52198DE5150077F661 /* LoginViewController.m */,
			);
			name = Profile;
			sourceTree = "<group>";
		};
		E9370A92199BBBCD00F7E6C7 /* Views */ = {
			isa = PBXGroup;
			children = (
				E9370A93199BBC4A00F7E6C7 /* PostTableViewCell.h */,
				E9370A94199BBC4A00F7E6C7 /* PostTableViewCell.m */,
			);
			path = Views;
			sourceTree = "<group>";
		};
		E9370AA1199BC04300F7E6C7 /* Entities */ = {
			isa = PBXGroup;
			children = (
				E9B105AE19B1E30C0056717C /* FunnyPost.h */,
				E9B105AF19B1E30C0056717C /* FunnyPost.m */,
			);
			path = Entities;
			sourceTree = "<group>";
		};
		E93966F019A621CF0059806F /* Image */ = {
			isa = PBXGroup;
			children = (
				E91C104A19A9880E0006289B /* GTLImage.h */,
				E91C104B19A9880E0006289B /* GTLImageAppError.h */,
				E91C104C19A9880E0006289B /* GTLImageAppError.m */,
				E91C104D19A9880E0006289B /* GTLImageConstants.h */,
				E91C104E19A9880E0006289B /* GTLImageConstants.m */,
				E91C104F19A9880E0006289B /* GTLImageGetUrlRequest.h */,
				E91C105019A9880E0006289B /* GTLImageGetUrlRequest.m */,
				E91C105119A9880E0006289B /* GTLImageGetUrlResponse.h */,
				E91C105219A9880E0006289B /* GTLImageGetUrlResponse.m */,
				E91C105319A9880E0006289B /* GTLImageUserAuthentication.h */,
				E91C105419A9880E0006289B /* GTLImageUserAuthentication.m */,
				E91C105519A9880E0006289B /* GTLQueryImage.h */,
				E91C105619A9880E0006289B /* GTLQueryImage.m */,
				E91C105719A9880E0006289B /* GTLServiceImage.h */,
				E91C105819A9880E0006289B /* GTLServiceImage.m */,
			);
			path = Image;
			sourceTree = "<group>";
		};
		E93E3BA819878E8000056E0A /* RemoteClient */ = {
			isa = PBXGroup;
			children = (
				E93E3BFA19878FC100056E0A /* API */,
				E93E3BEB19878F8F00056E0A /* GTLDefines.h */,
				E93E3BEC19878F9600056E0A /* Utilities */,
				E93E3BD219878F6800056E0A /* HTTPFetcher */,
				E93E3BC519878F2900056E0A /* OAuth2 */,
				E93E3BA919878EFE00056E0A /* Objects */,
			);
			path = RemoteClient;
			sourceTree = "<group>";
		};
		E93E3BA919878EFE00056E0A /* Objects */ = {
			isa = PBXGroup;
			children = (
				E93E3BAA19878F2100056E0A /* GTLObject.h */,
				E93E3BAB19878F2100056E0A /* GTLObject.m */,
				E93E3BAC19878F2100056E0A /* GTLQuery.h */,
				E93E3BAD19878F2100056E0A /* GTLQuery.m */,
				E93E3BAE19878F2100056E0A /* GTLBatchQuery.h */,
				E93E3BAF19878F2100056E0A /* GTLBatchQuery.m */,
				E93E3BB019878F2100056E0A /* GTLService.h */,
				E93E3BB119878F2100056E0A /* GTLService.m */,
				E93E3BB219878F2100056E0A /* GTLBatchResult.h */,
				E93E3BB319878F2100056E0A /* GTLBatchResult.m */,
				E93E3BB419878F2100056E0A /* GTLUploadParameters.h */,
				E93E3BB519878F2100056E0A /* GTLUploadParameters.m */,
				E93E3BB619878F2100056E0A /* GTLDateTime.h */,
				E93E3BB719878F2100056E0A /* GTLDateTime.m */,
				E93E3BB819878F2100056E0A /* GTLErrorObject.h */,
				E93E3BB919878F2100056E0A /* GTLErrorObject.m */,
				E93E3BBA19878F2100056E0A /* GTLRuntimeCommon.h */,
				E93E3BBB19878F2100056E0A /* GTLRuntimeCommon.m */,
			);
			name = Objects;
			sourceTree = "<group>";
		};
		E93E3BC519878F2900056E0A /* OAuth2 */ = {
			isa = PBXGroup;
			children = (
				E93E3BCC19878F4B00056E0A /* Touch */,
				E93E3BC619878F3C00056E0A /* GTMOAuth2Authentication.h */,
				E93E3BC719878F3C00056E0A /* GTMOAuth2Authentication.m */,
				E93E3BC819878F3C00056E0A /* GTMOAuth2SignIn.h */,
				E93E3BC919878F3C00056E0A /* GTMOAuth2SignIn.m */,
			);
			name = OAuth2;
			sourceTree = "<group>";
		};
		E93E3BCC19878F4B00056E0A /* Touch */ = {
			isa = PBXGroup;
			children = (
				E93E3BCD19878F5B00056E0A /* GTMOAuth2ViewControllerTouch.h */,
				E93E3BCE19878F5B00056E0A /* GTMOAuth2ViewControllerTouch.m */,
				E93E3BCF19878F5B00056E0A /* GTMOAuth2ViewTouch.xib */,
			);
			name = Touch;
			sourceTree = "<group>";
		};
		E93E3BD219878F6800056E0A /* HTTPFetcher */ = {
			isa = PBXGroup;
			children = (
				E93E3BD319878F7B00056E0A /* GTMHTTPFetcherService.h */,
				E93E3BD419878F7B00056E0A /* GTMHTTPFetcherService.m */,
				E93E3BD519878F7B00056E0A /* GTMHTTPFetcher.h */,
				E93E3BD619878F7B00056E0A /* GTMHTTPFetcher.m */,
				E93E3BD719878F7B00056E0A /* GTMHTTPFetcherLogging.h */,
				E93E3BD819878F7B00056E0A /* GTMHTTPFetcherLogging.m */,
				E93E3BD919878F7B00056E0A /* GTMHTTPFetchHistory.h */,
				E93E3BDA19878F7B00056E0A /* GTMHTTPFetchHistory.m */,
				E93E3BDB19878F7B00056E0A /* GTMHTTPUploadFetcher.h */,
				E93E3BDC19878F7B00056E0A /* GTMHTTPUploadFetcher.m */,
				E93E3BDD19878F7B00056E0A /* GTMGatherInputStream.h */,
				E93E3BDE19878F7B00056E0A /* GTMGatherInputStream.m */,
				E93E3BDF19878F7B00056E0A /* GTMMIMEDocument.h */,
				E93E3BE019878F7B00056E0A /* GTMMIMEDocument.m */,
				E93E3BE119878F7B00056E0A /* GTMReadMonitorInputStream.h */,
				E93E3BE219878F7B00056E0A /* GTMReadMonitorInputStream.m */,
			);
			name = HTTPFetcher;
			sourceTree = "<group>";
		};
		E93E3BEC19878F9600056E0A /* Utilities */ = {
			isa = PBXGroup;
			children = (
				E93E3BED19878FA400056E0A /* GTLFramework.h */,
				E93E3BEE19878FA400056E0A /* GTLFramework.m */,
				E93E3BEF19878FA400056E0A /* GTLJSONParser.h */,
				E93E3BF019878FA400056E0A /* GTLJSONParser.m */,
				E93E3BF119878FA400056E0A /* GTLTargetNamespace.h */,
				E93E3BF219878FA400056E0A /* GTLUtilities.h */,
				E93E3BF319878FA400056E0A /* GTLUtilities.m */,
				E93E3BF419878FA400056E0A /* GTLBase64.h */,
				E93E3BF519878FA400056E0A /* GTLBase64.m */,
			);
			name = Utilities;
			sourceTree = "<group>";
		};
		E93E3BFA19878FC100056E0A /* API */ = {
			isa = PBXGroup;
			children = (
				E93966F019A621CF0059806F /* Image */,
				E93E3BFD198790A300056E0A /* User */,
				E93E3BFC1987909900056E0A /* Reaction */,
				E93E3BFB1987909000056E0A /* Post */,
			);
			path = API;
			sourceTree = "<group>";
		};
		E93E3BFB1987909000056E0A /* Post */ = {
			isa = PBXGroup;
			children = (
				E939672619A622E10059806F /* GTLPost.h */,
				E939672719A622E10059806F /* GTLPostConstants.h */,
				E939672819A622E10059806F /* GTLPostConstants.m */,
				E939672919A622E10059806F /* GTLPostUserAccount.h */,
				E939672A19A622E10059806F /* GTLPostUserAccount.m */,
				E939672B19A622E10059806F /* GTLPostUserAuthentication.h */,
				E939672C19A622E10059806F /* GTLPostUserAuthentication.m */,
				E939672D19A622E10059806F /* GTLPostUserPost.h */,
				E939672E19A622E10059806F /* GTLPostUserPost.m */,
				E939672F19A622E10059806F /* GTLPostUserPostCreateRequest.h */,
				E939673019A622E10059806F /* GTLPostUserPostCreateRequest.m */,
				E939673119A622E10059806F /* GTLPostUserPostCreateResponse.h */,
				E939673219A622E10059806F /* GTLPostUserPostCreateResponse.m */,
				E939673319A622E10059806F /* GTLPostUserPostListRequest.h */,
				E939673419A622E10059806F /* GTLPostUserPostListRequest.m */,
				E939673519A622E10059806F /* GTLPostUserPostListResponse.h */,
				E939673619A622E10059806F /* GTLPostUserPostListResponse.m */,
				E939673719A622E10059806F /* GTLQueryPost.h */,
				E939673819A622E10059806F /* GTLQueryPost.m */,
				E939673919A622E10059806F /* GTLServicePost.h */,
				E939673A19A622E10059806F /* GTLServicePost.m */,
			);
			path = Post;
			sourceTree = "<group>";
		};
		E93E3BFC1987909900056E0A /* Reaction */ = {
			isa = PBXGroup;
			children = (
				E939677419A6237B0059806F /* GTLQueryReaction.h */,
				E939677519A6237B0059806F /* GTLQueryReaction.m */,
				E939677619A6237B0059806F /* GTLReaction.h */,
				E939677719A6237B0059806F /* GTLReactionCommentCreateRequest.h */,
				E939677819A6237B0059806F /* GTLReactionCommentCreateRequest.m */,
				E939677919A6237B0059806F /* GTLReactionCommentCreateResponse.h */,
				E939677A19A6237B0059806F /* GTLReactionCommentCreateResponse.m */,
				E939677B19A6237B0059806F /* GTLReactionCommentListRequest.h */,
				E939677C19A6237B0059806F /* GTLReactionCommentListRequest.m */,
				E939677D19A6237B0059806F /* GTLReactionCommentListResponse.h */,
				E939677E19A6237B0059806F /* GTLReactionCommentListResponse.m */,
				E939677F19A6237B0059806F /* GTLReactionComments.h */,
				E939678019A6237B0059806F /* GTLReactionComments.m */,
				E939678119A6237B0059806F /* GTLReactionConstants.h */,
				E939678219A6237B0059806F /* GTLReactionConstants.m */,
				E939678319A6237B0059806F /* GTLReactionVoteRequest.h */,
				E939678419A6237B0059806F /* GTLReactionVoteRequest.m */,
				E939678519A6237B0059806F /* GTLReactionVoteResponse.h */,
				E939678619A6237B0059806F /* GTLReactionVoteResponse.m */,
				E939678719A6237B0059806F /* GTLServiceReaction.h */,
				E939678819A6237B0059806F /* GTLServiceReaction.m */,
			);
			path = Reaction;
			sourceTree = "<group>";
		};
		E93E3BFD198790A300056E0A /* User */ = {
			isa = PBXGroup;
			children = (
				E939675B19A623510059806F /* GTLQueryUser.h */,
				E939675C19A623510059806F /* GTLQueryUser.m */,
				E939675D19A623510059806F /* GTLServiceUser.h */,
				E939675E19A623510059806F /* GTLServiceUser.m */,
				E939675F19A623510059806F /* GTLUser.h */,
				E939676019A623510059806F /* GTLUserAppError.h */,
				E939676119A623510059806F /* GTLUserAppError.m */,
				E939676219A623510059806F /* GTLUserConstants.h */,
				E939676319A623510059806F /* GTLUserConstants.m */,
				E939676419A623510059806F /* GTLUserLoginRequest.h */,
				E939676519A623510059806F /* GTLUserLoginRequest.m */,
				E939676619A623510059806F /* GTLUserLoginResponse.h */,
				E939676719A623510059806F /* GTLUserLoginResponse.m */,
				E939676819A623510059806F /* GTLUserRegistrationRequest.h */,
				E939676919A623510059806F /* GTLUserRegistrationRequest.m */,
				E939676A19A623510059806F /* GTLUserRegistrationResponse.h */,
				E939676B19A623510059806F /* GTLUserRegistrationResponse.m */,
			);
			path = User;
			sourceTree = "<group>";
		};
		E99EBD1B19824B50000AE890 = {
			isa = PBXGroup;
			children = (
				E99EBD2D19824B50000AE890 /* RipOff9Gag */,
				E99EBD5219824B50000AE890 /* RipOff9GagTests */,
				E99EBD2619824B50000AE890 /* Frameworks */,
				E99EBD2519824B50000AE890 /* Products */,
				4A139A7E9F4C4C1BB6A43332 /* Pods.xcconfig */,
			);
			sourceTree = "<group>";
		};
		E99EBD2519824B50000AE890 /* Products */ = {
			isa = PBXGroup;
			children = (
				E99EBD2419824B50000AE890 /* RipOff9Gag.app */,
				E99EBD4B19824B50000AE890 /* RipOff9GagTests.xctest */,
			);
			name = Products;
			sourceTree = "<group>";
		};
		E99EBD2619824B50000AE890 /* Frameworks */ = {
			isa = PBXGroup;
			children = (
				E9370A9C199BBEAB00F7E6C7 /* CoreData.framework */,
				E99EBD2719824B50000AE890 /* Foundation.framework */,
				E99EBD2919824B50000AE890 /* CoreGraphics.framework */,
				E99EBD2B19824B50000AE890 /* UIKit.framework */,
				E99EBD4C19824B50000AE890 /* XCTest.framework */,
				9D326AB24E5046C39353526C /* libPods.a */,
			);
			name = Frameworks;
			sourceTree = "<group>";
		};
		E99EBD2D19824B50000AE890 /* RipOff9Gag */ = {
			isa = PBXGroup;
			children = (
				E9370AA1199BC04300F7E6C7 /* Entities */,
				E93E3BA819878E8000056E0A /* RemoteClient */,
				E9D3861B198290AD005A764B /* ViewControllers */,
				E9370A92199BBBCD00F7E6C7 /* Views */,
				E92E3F54198E38B20077F661 /* Utils */,
				E99EBD3619824B50000AE890 /* AppDelegate.h */,
				E99EBD3719824B50000AE890 /* AppDelegate.m */,
				E99EBD3919824B50000AE890 /* Main_iPhone.storyboard */,
				E99EBD3C19824B50000AE890 /* Main_iPad.storyboard */,
				E9370A96199BBDAD00F7E6C7 /* Model.xcdatamodeld */,
				E99EBD4519824B50000AE890 /* Images.xcassets */,
				E99EBD2E19824B50000AE890 /* Supporting Files */,
			);
			path = RipOff9Gag;
			sourceTree = "<group>";
		};
		E99EBD2E19824B50000AE890 /* Supporting Files */ = {
			isa = PBXGroup;
			children = (
				E9568CBB198A8A2800FDA6E9 /* constants.h */,
				E99EBD2F19824B50000AE890 /* RipOff9Gag-Info.plist */,
				E99EBD3019824B50000AE890 /* InfoPlist.strings */,
				E99EBD3319824B50000AE890 /* main.m */,
				E99EBD3519824B50000AE890 /* RipOff9Gag-Prefix.pch */,
			);
			name = "Supporting Files";
			sourceTree = "<group>";
		};
		E99EBD5219824B50000AE890 /* RipOff9GagTests */ = {
			isa = PBXGroup;
			children = (
				E99EBD5819824B50000AE890 /* RipOff9GagTests.m */,
				E99EBD5319824B50000AE890 /* Supporting Files */,
			);
			path = RipOff9GagTests;
			sourceTree = "<group>";
		};
		E99EBD5319824B50000AE890 /* Supporting Files */ = {
			isa = PBXGroup;
			children = (
				E99EBD5419824B50000AE890 /* RipOff9GagTests-Info.plist */,
				E99EBD5519824B50000AE890 /* InfoPlist.strings */,
			);
			name = "Supporting Files";
			sourceTree = "<group>";
		};
		E9D3861B198290AD005A764B /* ViewControllers */ = {
			isa = PBXGroup;
			children = (
				E92E3F5B198E72D10077F661 /* Profile */,
				E9D3861C19829150005A764B /* PostsTableViewController.h */,
				E9D3861D19829150005A764B /* PostsTableViewController.m */,
				E94621861987F08A002DFB71 /* DummyViewController.h */,
				E94621871987F08A002DFB71 /* DummyViewController.m */,
				E9049730199536B400EBBBFE /* AddPostViewController.h */,
				E9049731199536B400EBBBFE /* AddPostViewController.m */,
			);
			path = ViewControllers;
			sourceTree = "<group>";
		};
/* End PBXGroup section */

/* Begin PBXNativeTarget section */
		E99EBD2319824B50000AE890 /* RipOff9Gag */ = {
			isa = PBXNativeTarget;
			buildConfigurationList = E99EBD5C19824B50000AE890 /* Build configuration list for PBXNativeTarget "RipOff9Gag" */;
			buildPhases = (
				3C7B00BBE1A24C1B8E5DFC1A /* Check Pods Manifest.lock */,
				E99EBD2019824B50000AE890 /* Sources */,
				E99EBD2119824B50000AE890 /* Frameworks */,
				E99EBD2219824B50000AE890 /* Resources */,
				20C9ED036F164123A6A00CCA /* Copy Pods Resources */,
			);
			buildRules = (
			);
			dependencies = (
			);
			name = RipOff9Gag;
			productName = RipOff9Gag;
			productReference = E99EBD2419824B50000AE890 /* RipOff9Gag.app */;
			productType = "com.apple.product-type.application";
		};
		E99EBD4A19824B50000AE890 /* RipOff9GagTests */ = {
			isa = PBXNativeTarget;
			buildConfigurationList = E99EBD5F19824B50000AE890 /* Build configuration list for PBXNativeTarget "RipOff9GagTests" */;
			buildPhases = (
				E99EBD4719824B50000AE890 /* Sources */,
				E99EBD4819824B50000AE890 /* Frameworks */,
				E99EBD4919824B50000AE890 /* Resources */,
			);
			buildRules = (
			);
			dependencies = (
				E99EBD5119824B50000AE890 /* PBXTargetDependency */,
			);
			name = RipOff9GagTests;
			productName = RipOff9GagTests;
			productReference = E99EBD4B19824B50000AE890 /* RipOff9GagTests.xctest */;
			productType = "com.apple.product-type.bundle.unit-test";
		};
/* End PBXNativeTarget section */

/* Begin PBXProject section */
		E99EBD1C19824B50000AE890 /* Project object */ = {
			isa = PBXProject;
			attributes = {
				LastUpgradeCheck = 0510;
				ORGANIZATIONNAME = "Secret Transaction Inc.";
				TargetAttributes = {
					E99EBD2319824B50000AE890 = {
						DevelopmentTeam = 65SU2RD4AG;
					};
					E99EBD4A19824B50000AE890 = {
						TestTargetID = E99EBD2319824B50000AE890;
					};
				};
			};
			buildConfigurationList = E99EBD1F19824B50000AE890 /* Build configuration list for PBXProject "RipOff9Gag" */;
			compatibilityVersion = "Xcode 3.2";
			developmentRegion = English;
			hasScannedForEncodings = 0;
			knownRegions = (
				en,
				Base,
			);
			mainGroup = E99EBD1B19824B50000AE890;
			productRefGroup = E99EBD2519824B50000AE890 /* Products */;
			projectDirPath = "";
			projectRoot = "";
			targets = (
				E99EBD2319824B50000AE890 /* RipOff9Gag */,
				E99EBD4A19824B50000AE890 /* RipOff9GagTests */,
			);
		};
/* End PBXProject section */

/* Begin PBXResourcesBuildPhase section */
		E99EBD2219824B50000AE890 /* Resources */ = {
			isa = PBXResourcesBuildPhase;
			buildActionMask = 2147483647;
			files = (
				E93E3BD119878F5B00056E0A /* GTMOAuth2ViewTouch.xib in Resources */,
				E99EBD3E19824B50000AE890 /* Main_iPad.storyboard in Resources */,
				E99EBD4619824B50000AE890 /* Images.xcassets in Resources */,
				E99EBD3B19824B50000AE890 /* Main_iPhone.storyboard in Resources */,
				E99EBD3219824B50000AE890 /* InfoPlist.strings in Resources */,
			);
			runOnlyForDeploymentPostprocessing = 0;
		};
		E99EBD4919824B50000AE890 /* Resources */ = {
			isa = PBXResourcesBuildPhase;
			buildActionMask = 2147483647;
			files = (
				E99EBD5719824B50000AE890 /* InfoPlist.strings in Resources */,
			);
			runOnlyForDeploymentPostprocessing = 0;
		};
/* End PBXResourcesBuildPhase section */

/* Begin PBXShellScriptBuildPhase section */
		20C9ED036F164123A6A00CCA /* Copy Pods Resources */ = {
			isa = PBXShellScriptBuildPhase;
			buildActionMask = 2147483647;
			files = (
			);
			inputPaths = (
			);
			name = "Copy Pods Resources";
			outputPaths = (
			);
			runOnlyForDeploymentPostprocessing = 0;
			shellPath = /bin/sh;
			shellScript = "\"${SRCROOT}/Pods/Pods-resources.sh\"\n";
			showEnvVarsInLog = 0;
		};
		3C7B00BBE1A24C1B8E5DFC1A /* Check Pods Manifest.lock */ = {
			isa = PBXShellScriptBuildPhase;
			buildActionMask = 2147483647;
			files = (
			);
			inputPaths = (
			);
			name = "Check Pods Manifest.lock";
			outputPaths = (
			);
			runOnlyForDeploymentPostprocessing = 0;
			shellPath = /bin/sh;
			shellScript = "diff \"${PODS_ROOT}/../Podfile.lock\" \"${PODS_ROOT}/Manifest.lock\" > /dev/null\nif [[ $? != 0 ]] ; then\n    cat << EOM\nerror: The sandbox is not in sync with the Podfile.lock. Run 'pod install' or update your CocoaPods installation.\nEOM\n    exit 1\nfi\n";
			showEnvVarsInLog = 0;
		};
/* End PBXShellScriptBuildPhase section */

/* Begin PBXSourcesBuildPhase section */
		E99EBD2019824B50000AE890 /* Sources */ = {
			isa = PBXSourcesBuildPhase;
			buildActionMask = 2147483647;
			files = (
				E93E3BC119878F2100056E0A /* GTLUploadParameters.m in Sources */,
				E93E3BE419878F7B00056E0A /* GTMHTTPFetcher.m in Sources */,
				E939674219A622E10059806F /* GTLPostUserPostListResponse.m in Sources */,
				E939673D19A622E10059806F /* GTLPostUserAuthentication.m in Sources */,
				E93E3BC419878F2100056E0A /* GTLRuntimeCommon.m in Sources */,
				E939678919A6237B0059806F /* GTLQueryReaction.m in Sources */,
				E92E3F5A198E6F370077F661 /* UserProfileDisplayViewController.m in Sources */,
				E939678A19A6237B0059806F /* GTLReactionCommentCreateRequest.m in Sources */,
				E939673B19A622E10059806F /* GTLPostConstants.m in Sources */,
				E91C105E19A9880E0006289B /* GTLQueryImage.m in Sources */,
				E93E3BE719878F7B00056E0A /* GTMHTTPUploadFetcher.m in Sources */,
				E93E3BE619878F7B00056E0A /* GTMHTTPFetchHistory.m in Sources */,
				E939673E19A622E10059806F /* GTLPostUserPost.m in Sources */,
				E91C105C19A9880E0006289B /* GTLImageGetUrlResponse.m in Sources */,
				E93E3BBC19878F2100056E0A /* GTLObject.m in Sources */,
				E93E3BEA19878F7B00056E0A /* GTMReadMonitorInputStream.m in Sources */,
				E93E3BC319878F2100056E0A /* GTLErrorObject.m in Sources */,
				E9370A95199BBC4A00F7E6C7 /* PostTableViewCell.m in Sources */,
				E939678E19A6237B0059806F /* GTLReactionComments.m in Sources */,
				E9370A9B199BBE8300F7E6C7 /* DataManager.m in Sources */,
				E93E3BBF19878F2100056E0A /* GTLService.m in Sources */,
				E9568CBA198A89C600FDA6E9 /* UserProfileViewController.m in Sources */,
				E939677319A623510059806F /* GTLUserRegistrationResponse.m in Sources */,
				E93E3BCA19878F3C00056E0A /* GTMOAuth2Authentication.m in Sources */,
				E9CA9A3F19894964003F1D7D /* UserRegistrationViewController.m in Sources */,
				E93E3BBE19878F2100056E0A /* GTLBatchQuery.m in Sources */,
				E93E3BCB19878F3C00056E0A /* GTMOAuth2SignIn.m in Sources */,
				E939673F19A622E10059806F /* GTLPostUserPostCreateRequest.m in Sources */,
				E91C105A19A9880E0006289B /* GTLImageConstants.m in Sources */,
				E93E3BE819878F7B00056E0A /* GTMGatherInputStream.m in Sources */,
				E939676F19A623510059806F /* GTLUserConstants.m in Sources */,
				E93E3BF919878FA400056E0A /* GTLBase64.m in Sources */,
				E939677219A623510059806F /* GTLUserRegistrationRequest.m in Sources */,
				E9370AAD199BC68E00F7E6C7 /* AsyncImageDownloader.m in Sources */,
				E93E3BC219878F2100056E0A /* GTLDateTime.m in Sources */,
				E939678B19A6237B0059806F /* GTLReactionCommentCreateResponse.m in Sources */,
				E93E3BF619878FA400056E0A /* GTLFramework.m in Sources */,
				E91C105919A9880E0006289B /* GTLImageAppError.m in Sources */,
				E939674419A622E10059806F /* GTLServicePost.m in Sources */,
				E92E3F57198E39070077F661 /* SessionManager.m in Sources */,
				E939678F19A6237B0059806F /* GTLReactionConstants.m in Sources */,
				E939673C19A622E10059806F /* GTLPostUserAccount.m in Sources */,
				E939674019A622E10059806F /* GTLPostUserPostCreateResponse.m in Sources */,
				E939679219A6237B0059806F /* GTLServiceReaction.m in Sources */,
				E9B105B019B1E30C0056717C /* FunnyPost.m in Sources */,
				E939674319A622E10059806F /* GTLQueryPost.m in Sources */,
				E93E3BD019878F5B00056E0A /* GTMOAuth2ViewControllerTouch.m in Sources */,
				E93E3BC019878F2100056E0A /* GTLBatchResult.m in Sources */,
				E939679019A6237B0059806F /* GTLReactionVoteRequest.m in Sources */,
				E939677019A623510059806F /* GTLUserLoginRequest.m in Sources */,
				E93E3BE919878F7B00056E0A /* GTMMIMEDocument.m in Sources */,
				E91C105F19A9880E0006289B /* GTLServiceImage.m in Sources */,
				E9370A98199BBDAD00F7E6C7 /* Model.xcdatamodeld in Sources */,
				E939674119A622E10059806F /* GTLPostUserPostListRequest.m in Sources */,
				E93E3BBD19878F2100056E0A /* GTLQuery.m in Sources */,
				E93E3BE319878F7B00056E0A /* GTMHTTPFetcherService.m in Sources */,
				E93E3BF819878FA400056E0A /* GTLUtilities.m in Sources */,
				E939678C19A6237B0059806F /* GTLReactionCommentListRequest.m in Sources */,
				E91C105D19A9880E0006289B /* GTLImageUserAuthentication.m in Sources */,
				E94621881987F08A002DFB71 /* DummyViewController.m in Sources */,
				E939678D19A6237B0059806F /* GTLReactionCommentListResponse.m in Sources */,
				E939676E19A623510059806F /* GTLUserAppError.m in Sources */,
				E93E3BE519878F7B00056E0A /* GTMHTTPFetcherLogging.m in Sources */,
				E99EBD3819824B50000AE890 /* AppDelegate.m in Sources */,
				E939676D19A623510059806F /* GTLServiceUser.m in Sources */,
				E939677119A623510059806F /* GTLUserLoginResponse.m in Sources */,
				E939676C19A623510059806F /* GTLQueryUser.m in Sources */,
				E99EBD3419824B50000AE890 /* main.m in Sources */,
				E939679119A6237B0059806F /* GTLReactionVoteResponse.m in Sources */,
				E9049732199536B400EBBBFE /* AddPostViewController.m in Sources */,
				E91C105B19A9880E0006289B /* GTLImageGetUrlRequest.m in Sources */,
				E9D3861E19829150005A764B /* PostsTableViewController.m in Sources */,
				E92E3F53198DE5150077F661 /* LoginViewController.m in Sources */,
				E93E3BF719878FA400056E0A /* GTLJSONParser.m in Sources */,
			);
			runOnlyForDeploymentPostprocessing = 0;
		};
		E99EBD4719824B50000AE890 /* Sources */ = {
			isa = PBXSourcesBuildPhase;
			buildActionMask = 2147483647;
			files = (
				E99EBD5919824B50000AE890 /* RipOff9GagTests.m in Sources */,
			);
			runOnlyForDeploymentPostprocessing = 0;
		};
/* End PBXSourcesBuildPhase section */

/* Begin PBXTargetDependency section */
		E99EBD5119824B50000AE890 /* PBXTargetDependency */ = {
			isa = PBXTargetDependency;
			target = E99EBD2319824B50000AE890 /* RipOff9Gag */;
			targetProxy = E99EBD5019824B50000AE890 /* PBXContainerItemProxy */;
		};
/* End PBXTargetDependency section */

/* Begin PBXVariantGroup section */
		E99EBD3019824B50000AE890 /* InfoPlist.strings */ = {
			isa = PBXVariantGroup;
			children = (
				E99EBD3119824B50000AE890 /* en */,
			);
			name = InfoPlist.strings;
			sourceTree = "<group>";
		};
		E99EBD3919824B50000AE890 /* Main_iPhone.storyboard */ = {
			isa = PBXVariantGroup;
			children = (
				E99EBD3A19824B50000AE890 /* Base */,
			);
			name = Main_iPhone.storyboard;
			sourceTree = "<group>";
		};
		E99EBD3C19824B50000AE890 /* Main_iPad.storyboard */ = {
			isa = PBXVariantGroup;
			children = (
				E99EBD3D19824B50000AE890 /* Base */,
			);
			name = Main_iPad.storyboard;
			sourceTree = "<group>";
		};
		E99EBD5519824B50000AE890 /* InfoPlist.strings */ = {
			isa = PBXVariantGroup;
			children = (
				E99EBD5619824B50000AE890 /* en */,
			);
			name = InfoPlist.strings;
			sourceTree = "<group>";
		};
/* End PBXVariantGroup section */

/* Begin XCBuildConfiguration section */
		E99EBD5A19824B50000AE890 /* Debug */ = {
			isa = XCBuildConfiguration;
			buildSettings = {
				ALWAYS_SEARCH_USER_PATHS = NO;
				CLANG_CXX_LANGUAGE_STANDARD = "gnu++0x";
				CLANG_CXX_LIBRARY = "libc++";
				CLANG_ENABLE_MODULES = YES;
				CLANG_ENABLE_OBJC_ARC = YES;
				CLANG_WARN_BOOL_CONVERSION = YES;
				CLANG_WARN_CONSTANT_CONVERSION = YES;
				CLANG_WARN_DIRECT_OBJC_ISA_USAGE = YES_ERROR;
				CLANG_WARN_EMPTY_BODY = YES;
				CLANG_WARN_ENUM_CONVERSION = YES;
				CLANG_WARN_INT_CONVERSION = YES;
				CLANG_WARN_OBJC_ROOT_CLASS = YES_ERROR;
				CLANG_WARN__DUPLICATE_METHOD_MATCH = YES;
				"CODE_SIGN_IDENTITY[sdk=iphoneos*]" = "iPhone Developer";
				COPY_PHASE_STRIP = NO;
				GCC_C_LANGUAGE_STANDARD = gnu99;
				GCC_DYNAMIC_NO_PIC = NO;
				GCC_OPTIMIZATION_LEVEL = 0;
				GCC_PREPROCESSOR_DEFINITIONS = (
					"DEBUG=1",
					"$(inherited)",
				);
				GCC_SYMBOLS_PRIVATE_EXTERN = NO;
				GCC_WARN_64_TO_32_BIT_CONVERSION = YES;
				GCC_WARN_ABOUT_RETURN_TYPE = YES_ERROR;
				GCC_WARN_UNDECLARED_SELECTOR = YES;
				GCC_WARN_UNINITIALIZED_AUTOS = YES_AGGRESSIVE;
				GCC_WARN_UNUSED_FUNCTION = YES;
				GCC_WARN_UNUSED_VARIABLE = YES;
				IPHONEOS_DEPLOYMENT_TARGET = 7.1;
				ONLY_ACTIVE_ARCH = YES;
				SDKROOT = iphoneos;
				TARGETED_DEVICE_FAMILY = "1,2";
			};
			name = Debug;
		};
		E99EBD5B19824B50000AE890 /* Release */ = {
			isa = XCBuildConfiguration;
			buildSettings = {
				ALWAYS_SEARCH_USER_PATHS = NO;
				CLANG_CXX_LANGUAGE_STANDARD = "gnu++0x";
				CLANG_CXX_LIBRARY = "libc++";
				CLANG_ENABLE_MODULES = YES;
				CLANG_ENABLE_OBJC_ARC = YES;
				CLANG_WARN_BOOL_CONVERSION = YES;
				CLANG_WARN_CONSTANT_CONVERSION = YES;
				CLANG_WARN_DIRECT_OBJC_ISA_USAGE = YES_ERROR;
				CLANG_WARN_EMPTY_BODY = YES;
				CLANG_WARN_ENUM_CONVERSION = YES;
				CLANG_WARN_INT_CONVERSION = YES;
				CLANG_WARN_OBJC_ROOT_CLASS = YES_ERROR;
				CLANG_WARN__DUPLICATE_METHOD_MATCH = YES;
				"CODE_SIGN_IDENTITY[sdk=iphoneos*]" = "iPhone Developer";
				COPY_PHASE_STRIP = YES;
				ENABLE_NS_ASSERTIONS = NO;
				GCC_C_LANGUAGE_STANDARD = gnu99;
				GCC_WARN_64_TO_32_BIT_CONVERSION = YES;
				GCC_WARN_ABOUT_RETURN_TYPE = YES_ERROR;
				GCC_WARN_UNDECLARED_SELECTOR = YES;
				GCC_WARN_UNINITIALIZED_AUTOS = YES_AGGRESSIVE;
				GCC_WARN_UNUSED_FUNCTION = YES;
				GCC_WARN_UNUSED_VARIABLE = YES;
				IPHONEOS_DEPLOYMENT_TARGET = 7.1;
				SDKROOT = iphoneos;
				TARGETED_DEVICE_FAMILY = "1,2";
				VALIDATE_PRODUCT = YES;
			};
			name = Release;
		};
		E99EBD5D19824B50000AE890 /* Debug */ = {
			isa = XCBuildConfiguration;
			baseConfigurationReference = 4A139A7E9F4C4C1BB6A43332 /* Pods.xcconfig */;
			buildSettings = {
				ASSETCATALOG_COMPILER_APPICON_NAME = AppIcon;
				ASSETCATALOG_COMPILER_LAUNCHIMAGE_NAME = LaunchImage;
				CODE_SIGN_IDENTITY = "iPhone Developer";
				GCC_PRECOMPILE_PREFIX_HEADER = YES;
				GCC_PREFIX_HEADER = "RipOff9Gag/RipOff9Gag-Prefix.pch";
				INFOPLIST_FILE = "RipOff9Gag/RipOff9Gag-Info.plist";
				IPHONEOS_DEPLOYMENT_TARGET = 7.1;
				PRODUCT_NAME = "$(TARGET_NAME)";
				TARGETED_DEVICE_FAMILY = "1,2";
				WRAPPER_EXTENSION = app;
			};
			name = Debug;
		};
		E99EBD5E19824B50000AE890 /* Release */ = {
			isa = XCBuildConfiguration;
			baseConfigurationReference = 4A139A7E9F4C4C1BB6A43332 /* Pods.xcconfig */;
			buildSettings = {
				ASSETCATALOG_COMPILER_APPICON_NAME = AppIcon;
				ASSETCATALOG_COMPILER_LAUNCHIMAGE_NAME = LaunchImage;
				CODE_SIGN_IDENTITY = "iPhone Developer";
				GCC_PRECOMPILE_PREFIX_HEADER = YES;
				GCC_PREFIX_HEADER = "RipOff9Gag/RipOff9Gag-Prefix.pch";
				INFOPLIST_FILE = "RipOff9Gag/RipOff9Gag-Info.plist";
				IPHONEOS_DEPLOYMENT_TARGET = 7.1;
				PRODUCT_NAME = "$(TARGET_NAME)";
				TARGETED_DEVICE_FAMILY = "1,2";
				WRAPPER_EXTENSION = app;
			};
			name = Release;
		};
		E99EBD6019824B50000AE890 /* Debug */ = {
			isa = XCBuildConfiguration;
			buildSettings = {
				BUNDLE_LOADER = "$(BUILT_PRODUCTS_DIR)/RipOff9Gag.app/RipOff9Gag";
				FRAMEWORK_SEARCH_PATHS = (
					"$(SDKROOT)/Developer/Library/Frameworks",
					"$(inherited)",
					"$(DEVELOPER_FRAMEWORKS_DIR)",
				);
				GCC_PRECOMPILE_PREFIX_HEADER = YES;
				GCC_PREFIX_HEADER = "RipOff9Gag/RipOff9Gag-Prefix.pch";
				GCC_PREPROCESSOR_DEFINITIONS = (
					"DEBUG=1",
					"$(inherited)",
				);
				INFOPLIST_FILE = "RipOff9GagTests/RipOff9GagTests-Info.plist";
				PRODUCT_NAME = "$(TARGET_NAME)";
				TEST_HOST = "$(BUNDLE_LOADER)";
				WRAPPER_EXTENSION = xctest;
			};
			name = Debug;
		};
		E99EBD6119824B50000AE890 /* Release */ = {
			isa = XCBuildConfiguration;
			buildSettings = {
				BUNDLE_LOADER = "$(BUILT_PRODUCTS_DIR)/RipOff9Gag.app/RipOff9Gag";
				FRAMEWORK_SEARCH_PATHS = (
					"$(SDKROOT)/Developer/Library/Frameworks",
					"$(inherited)",
					"$(DEVELOPER_FRAMEWORKS_DIR)",
				);
				GCC_PRECOMPILE_PREFIX_HEADER = YES;
				GCC_PREFIX_HEADER = "RipOff9Gag/RipOff9Gag-Prefix.pch";
				INFOPLIST_FILE = "RipOff9GagTests/RipOff9GagTests-Info.plist";
				PRODUCT_NAME = "$(TARGET_NAME)";
				TEST_HOST = "$(BUNDLE_LOADER)";
				WRAPPER_EXTENSION = xctest;
			};
			name = Release;
		};
/* End XCBuildConfiguration section */

/* Begin XCConfigurationList section */
		E99EBD1F19824B50000AE890 /* Build configuration list for PBXProject "RipOff9Gag" */ = {
			isa = XCConfigurationList;
			buildConfigurations = (
				E99EBD5A19824B50000AE890 /* Debug */,
				E99EBD5B19824B50000AE890 /* Release */,
			);
			defaultConfigurationIsVisible = 0;
			defaultConfigurationName = Release;
		};
		E99EBD5C19824B50000AE890 /* Build configuration list for PBXNativeTarget "RipOff9Gag" */ = {
			isa = XCConfigurationList;
			buildConfigurations = (
				E99EBD5D19824B50000AE890 /* Debug */,
				E99EBD5E19824B50000AE890 /* Release */,
			);
			defaultConfigurationIsVisible = 0;
			defaultConfigurationName = Release;
		};
		E99EBD5F19824B50000AE890 /* Build configuration list for PBXNativeTarget "RipOff9GagTests" */ = {
			isa = XCConfigurationList;
			buildConfigurations = (
				E99EBD6019824B50000AE890 /* Debug */,
				E99EBD6119824B50000AE890 /* Release */,
			);
			defaultConfigurationIsVisible = 0;
			defaultConfigurationName = Release;
		};
/* End XCConfigurationList section */

/* Begin XCVersionGroup section */
		E9370A96199BBDAD00F7E6C7 /* Model.xcdatamodeld */ = {
			isa = XCVersionGroup;
			children = (
				E9370A97199BBDAD00F7E6C7 /* Model.xcdatamodel */,
			);
			currentVersion = E9370A97199BBDAD00F7E6C7 /* Model.xcdatamodel */;
			path = Model.xcdatamodeld;
			sourceTree = "<group>";
			versionGroupType = wrapper.xcdatamodel;
		};
/* End XCVersionGroup section */
	};
	rootObject = E99EBD1C19824B50000AE890 /* Project object */;
}
